// !$*UTF8*$!
{
	archiveVersion = 1;
	classes = {
	};
	objectVersion = 48;
	objects = {

/* Begin PBXBuildFile section */
		87F5E79BB23E3C21043131C2 /* libPods-ECO.a in Frameworks */ = {isa = PBXBuildFile; fileRef = D64493FE7795CC3A36F42528 /* libPods-ECO.a */; };
		CA288D841FA2CA9100037D2D /* Image.xcassets in Resources */ = {isa = PBXBuildFile; fileRef = CA288D831FA2CA9100037D2D /* Image.xcassets */; };
		CA288D8B1FA2D79700037D2D /* ViewControllerC.m in Sources */ = {isa = PBXBuildFile; fileRef = CA288D881FA2D79600037D2D /* ViewControllerC.m */; };
		CA288D931FA2D7B900037D2D /* NavHeadTitleView.m in Sources */ = {isa = PBXBuildFile; fileRef = CA288D8D1FA2D7B900037D2D /* NavHeadTitleView.m */; };
		CA288D941FA2D7B900037D2D /* HeadLineView.m in Sources */ = {isa = PBXBuildFile; fileRef = CA288D901FA2D7B900037D2D /* HeadLineView.m */; };
		CA288D951FA2D7B900037D2D /* HeadImageView.m in Sources */ = {isa = PBXBuildFile; fileRef = CA288D921FA2D7B900037D2D /* HeadImageView.m */; };
		CA6DB7331F809DC800B66C4D /* LaunchScreen.storyboard in Resources */ = {isa = PBXBuildFile; fileRef = CA6DB7321F809DC800B66C4D /* LaunchScreen.storyboard */; };
		CA6DB7401F80C5FF00B66C4D /* ViewControllerB.m in Sources */ = {isa = PBXBuildFile; fileRef = CA6DB7371F80C5FE00B66C4D /* ViewControllerB.m */; };
		CA6DB7411F80C5FF00B66C4D /* ViewControllerD.m in Sources */ = {isa = PBXBuildFile; fileRef = CA6DB73C1F80C5FE00B66C4D /* ViewControllerD.m */; };
		CA6DB7431F80C5FF00B66C4D /* ViewControllerE.m in Sources */ = {isa = PBXBuildFile; fileRef = CA6DB73E1F80C5FE00B66C4D /* ViewControllerE.m */; };
		CA6DB7441F80C5FF00B66C4D /* ViewControllerA.m in Sources */ = {isa = PBXBuildFile; fileRef = CA6DB73F1F80C5FE00B66C4D /* ViewControllerA.m */; };
		CA6DB75E1F80D1E000B66C4D /* HomeCell.xib in Resources */ = {isa = PBXBuildFile; fileRef = CA6DB75B1F80D1E000B66C4D /* HomeCell.xib */; };
		CA6DB75F1F80D1E000B66C4D /* HomeCell.m in Sources */ = {isa = PBXBuildFile; fileRef = CA6DB75C1F80D1E000B66C4D /* HomeCell.m */; };
		CA6DB7741F80D58F00B66C4D /* HomeHotProductsModel.m in Sources */ = {isa = PBXBuildFile; fileRef = CA6DB76C1F80D58F00B66C4D /* HomeHotProductsModel.m */; };
		CA6DB7751F80D58F00B66C4D /* HomeDataModel.m in Sources */ = {isa = PBXBuildFile; fileRef = CA6DB76E1F80D58F00B66C4D /* HomeDataModel.m */; };
		CA6DB7761F80D58F00B66C4D /* HomeCategoriesModel.m in Sources */ = {isa = PBXBuildFile; fileRef = CA6DB76F1F80D58F00B66C4D /* HomeCategoriesModel.m */; };
		CA6DB7771F80D58F00B66C4D /* HomeBannersModel.m in Sources */ = {isa = PBXBuildFile; fileRef = CA6DB7701F80D58F00B66C4D /* HomeBannersModel.m */; };
		CA6DB7801F80E6A900B66C4D /* HomeData.json in Resources */ = {isa = PBXBuildFile; fileRef = CA6DB77F1F80E6A800B66C4D /* HomeData.json */; };
		CA6DB7831F81285600B66C4D /* CategoriesView.m in Sources */ = {isa = PBXBuildFile; fileRef = CA6DB7821F81285600B66C4D /* CategoriesView.m */; };
		CA6DB7851F8128CE00B66C4D /* CategoriesView.xib in Resources */ = {isa = PBXBuildFile; fileRef = CA6DB7841F8128CE00B66C4D /* CategoriesView.xib */; };
		CA727C791F9DCB5D00F89413 /* ZBDetailSecondCell.m in Sources */ = {isa = PBXBuildFile; fileRef = CA727C771F9DCB5D00F89413 /* ZBDetailSecondCell.m */; };
		CA727C7A1F9DCB5D00F89413 /* ZBDetailSecondCell.xib in Resources */ = {isa = PBXBuildFile; fileRef = CA727C781F9DCB5D00F89413 /* ZBDetailSecondCell.xib */; };
		CA727C7D1F9DD09600F89413 /* ZBProductDetailModel.m in Sources */ = {isa = PBXBuildFile; fileRef = CA727C7C1F9DD09600F89413 /* ZBProductDetailModel.m */; };
		CA97B6AC1F7E9526008368F0 /* AppDelegate.m in Sources */ = {isa = PBXBuildFile; fileRef = CA97B6AB1F7E9526008368F0 /* AppDelegate.m */; };
		CA97B6B21F7E9526008368F0 /* Main.storyboard in Resources */ = {isa = PBXBuildFile; fileRef = CA97B6B01F7E9526008368F0 /* Main.storyboard */; };
		CA97B6B41F7E9526008368F0 /* Assets.xcassets in Resources */ = {isa = PBXBuildFile; fileRef = CA97B6B31F7E9526008368F0 /* Assets.xcassets */; };
		CA97B6BA1F7E9526008368F0 /* main.m in Sources */ = {isa = PBXBuildFile; fileRef = CA97B6B91F7E9526008368F0 /* main.m */; };
		CA9FAC4E1F94F9B7009B024C /* ZBAndroidViewController.m in Sources */ = {isa = PBXBuildFile; fileRef = CA9FAC4D1F94F9B7009B024C /* ZBAndroidViewController.m */; };
		CA9FAC511F94F9CA009B024C /* ZBIPadViewController.m in Sources */ = {isa = PBXBuildFile; fileRef = CA9FAC501F94F9CA009B024C /* ZBIPadViewController.m */; };
		CA9FAC541F94F9DA009B024C /* ZBMacBookViewController.m in Sources */ = {isa = PBXBuildFile; fileRef = CA9FAC531F94F9DA009B024C /* ZBMacBookViewController.m */; };
		CA9FAC571F94F9EA009B024C /* ZBWatchViewController.m in Sources */ = {isa = PBXBuildFile; fileRef = CA9FAC561F94F9EA009B024C /* ZBWatchViewController.m */; };
		CAAFE79E1FA1C9760055A75E /* ZBDetailThirdCell.m in Sources */ = {isa = PBXBuildFile; fileRef = CAAFE79C1FA1C9760055A75E /* ZBDetailThirdCell.m */; };
		CAAFE79F1FA1C9760055A75E /* ZBDetailThirdCell.xib in Resources */ = {isa = PBXBuildFile; fileRef = CAAFE79D1FA1C9760055A75E /* ZBDetailThirdCell.xib */; };
		CACCBF321F964C1C006AE5AF /* ZBDetailViewController.m in Sources */ = {isa = PBXBuildFile; fileRef = CACCBF311F964C1C006AE5AF /* ZBDetailViewController.m */; };
		CACCBFF21F96E38A006AE5AF /* Feasd.m in Sources */ = {isa = PBXBuildFile; fileRef = CACCBFAF1F96E38A006AE5AF /* Feasd.m */; };
		CACCBFF31F96E38A006AE5AF /* FeWifiManHub.m in Sources */ = {isa = PBXBuildFile; fileRef = CACCBFB01F96E38A006AE5AF /* FeWifiManHub.m */; };
		CACCBFF41F96E38A006AE5AF /* FeRollingViewController.m in Sources */ = {isa = PBXBuildFile; fileRef = CACCBFB11F96E38A006AE5AF /* FeRollingViewController.m */; };
		CACCBFF51F96E38A006AE5AF /* FeSpinner-Info.plist in Resources */ = {isa = PBXBuildFile; fileRef = CACCBFB21F96E38A006AE5AF /* FeSpinner-Info.plist */; };
		CACCBFF61F96E38A006AE5AF /* FeVietNamLoaderViewController.m in Sources */ = {isa = PBXBuildFile; fileRef = CACCBFB51F96E38A006AE5AF /* FeVietNamLoaderViewController.m */; };
		CACCBFF71F96E38A006AE5AF /* CabinCondensed-Bold.ttf in Resources */ = {isa = PBXBuildFile; fileRef = CACCBFB71F96E38A006AE5AF /* CabinCondensed-Bold.ttf */; };
		CACCBFF81F96E38A006AE5AF /* FeThreeDotGlow.m in Sources */ = {isa = PBXBuildFile; fileRef = CACCBFBA1F96E38A006AE5AF /* FeThreeDotGlow.m */; };
		CACCBFF91F96E38A006AE5AF /* FeTenDot.m in Sources */ = {isa = PBXBuildFile; fileRef = CACCBFBB1F96E38A006AE5AF /* FeTenDot.m */; };
		CACCBFFA1F96E38A006AE5AF /* FeVietNamLoader.m in Sources */ = {isa = PBXBuildFile; fileRef = CACCBFC01F96E38A006AE5AF /* FeVietNamLoader.m */; };
		CACCBFFB1F96E38A006AE5AF /* FeRollingLoader.m in Sources */ = {isa = PBXBuildFile; fileRef = CACCBFC11F96E38A006AE5AF /* FeRollingLoader.m */; };
		CACCBFFC1F96E38A006AE5AF /* WifiMan_Sign_1@2x.png in Resources */ = {isa = PBXBuildFile; fileRef = CACCBFC31F96E38A006AE5AF /* WifiMan_Sign_1@2x.png */; };
		CACCBFFD1F96E38A006AE5AF /* FeHandwriting.m in Sources */ = {isa = PBXBuildFile; fileRef = CACCBFC41F96E38A006AE5AF /* FeHandwriting.m */; };
		CACCBFFE1F96E38A006AE5AF /* FeSpinnerTenDot.m in Sources */ = {isa = PBXBuildFile; fileRef = CACCBFC51F96E38A006AE5AF /* FeSpinnerTenDot.m */; };
		CACCBFFF1F96E38A006AE5AF /* FeLoadingBoxViewController.m in Sources */ = {isa = PBXBuildFile; fileRef = CACCBFC71F96E38A006AE5AF /* FeLoadingBoxViewController.m */; };
		CACCC0001F96E38A006AE5AF /* FeEqualizerViewController.m in Sources */ = {isa = PBXBuildFile; fileRef = CACCBFC81F96E38A006AE5AF /* FeEqualizerViewController.m */; };
		CACCC0011F96E38A006AE5AF /* FeLoadingIconBox.m in Sources */ = {isa = PBXBuildFile; fileRef = CACCBFC91F96E38A006AE5AF /* FeLoadingIconBox.m */; };
		CACCC0021F96E38A006AE5AF /* FeLoadingIcon.m in Sources */ = {isa = PBXBuildFile; fileRef = CACCBFCA1F96E38A006AE5AF /* FeLoadingIcon.m */; };
		CACCC0031F96E38A006AE5AF /* FeWifiManViewController.m in Sources */ = {isa = PBXBuildFile; fileRef = CACCBFCB1F96E38A006AE5AF /* FeWifiManViewController.m */; };
		CACCC0041F96E38A006AE5AF /* Neou-Thin.ttf in Resources */ = {isa = PBXBuildFile; fileRef = CACCBFCC1F96E38A006AE5AF /* Neou-Thin.ttf */; };
		CACCC0051F96E38A006AE5AF /* WifiMan_Sign_3@2x.png in Resources */ = {isa = PBXBuildFile; fileRef = CACCBFCD1F96E38A006AE5AF /* WifiMan_Sign_3@2x.png */; };
		CACCC0061F96E38A006AE5AF /* FeHourGlassViewController.m in Sources */ = {isa = PBXBuildFile; fileRef = CACCBFCF1F96E38A006AE5AF /* FeHourGlassViewController.m */; };
		CACCC0071F96E38A006AE5AF /* FeThreeDotGlowViewController.m in Sources */ = {isa = PBXBuildFile; fileRef = CACCBFD11F96E38A006AE5AF /* FeThreeDotGlowViewController.m */; };
		CACCC0081F96E38A006AE5AF /* FeZeroLoaderViewController.m in Sources */ = {isa = PBXBuildFile; fileRef = CACCBFD31F96E38A006AE5AF /* FeZeroLoaderViewController.m */; };
		CACCC0091F96E38A006AE5AF /* FeHourGlass.m in Sources */ = {isa = PBXBuildFile; fileRef = CACCBFD41F96E38A006AE5AF /* FeHourGlass.m */; };
		CACCC00A1F96E38A006AE5AF /* FeVietNamBar.m in Sources */ = {isa = PBXBuildFile; fileRef = CACCBFD61F96E38A006AE5AF /* FeVietNamBar.m */; };
		CACCC00B1F96E38A006AE5AF /* FeZeroLoader.m in Sources */ = {isa = PBXBuildFile; fileRef = CACCBFD71F96E38A006AE5AF /* FeZeroLoader.m */; };
		CACCC00C1F96E38A006AE5AF /* FeWifiManHub.xib in Resources */ = {isa = PBXBuildFile; fileRef = CACCBFD91F96E38A006AE5AF /* FeWifiManHub.xib */; };
		CACCC00D1F96E38A006AE5AF /* FeEqualize.m in Sources */ = {isa = PBXBuildFile; fileRef = CACCBFDC1F96E38A006AE5AF /* FeEqualize.m */; };
		CACCC00E1F96E38A006AE5AF /* FeSpinnerTenDotViewController.m in Sources */ = {isa = PBXBuildFile; fileRef = CACCBFDD1F96E38A006AE5AF /* FeSpinnerTenDotViewController.m */; };
		CACCC00F1F96E38A006AE5AF /* FeViewController.m in Sources */ = {isa = PBXBuildFile; fileRef = CACCBFDE1F96E38A006AE5AF /* FeViewController.m */; };
		CACCC0101F96E38A006AE5AF /* UIColor+flat.m in Sources */ = {isa = PBXBuildFile; fileRef = CACCBFDF1F96E38A006AE5AF /* UIColor+flat.m */; };
		CACCC0111F96E38A006AE5AF /* WifiMan_Sign_4@2x.png in Resources */ = {isa = PBXBuildFile; fileRef = CACCBFE01F96E38A006AE5AF /* WifiMan_Sign_4@2x.png */; };
		CACCC0121F96E38A006AE5AF /* wifimanhub@2x.png in Resources */ = {isa = PBXBuildFile; fileRef = CACCBFE11F96E38A006AE5AF /* wifimanhub@2x.png */; };
		CACCC0131F96E38A006AE5AF /* FeHandwritingViewController.m in Sources */ = {isa = PBXBuildFile; fileRef = CACCBFE31F96E38A006AE5AF /* FeHandwritingViewController.m */; };
		CACCC0141F96E38A006AE5AF /* wifimanhub_grayscale@2x.png in Resources */ = {isa = PBXBuildFile; fileRef = CACCBFE51F96E38A006AE5AF /* wifimanhub_grayscale@2x.png */; };
		CACCC0151F96E38A006AE5AF /* FeAppDelegate.m in Sources */ = {isa = PBXBuildFile; fileRef = CACCBFE81F96E38A006AE5AF /* FeAppDelegate.m */; };
		CACCC0161F96E38A006AE5AF /* WifiMan_Sign_2@2x.png in Resources */ = {isa = PBXBuildFile; fileRef = CACCBFEB1F96E38A006AE5AF /* WifiMan_Sign_2@2x.png */; };
		CACCC0171F96E38A006AE5AF /* FXBlurView.m in Sources */ = {isa = PBXBuildFile; fileRef = CACCBFED1F96E38A006AE5AF /* FXBlurView.m */; };
		CACCC01A1F971EA7006AE5AF /* Tools.m in Sources */ = {isa = PBXBuildFile; fileRef = CACCC0191F971EA7006AE5AF /* Tools.m */; };
		CACCC0201F9746B7006AE5AF /* ZBDetailFirstCell.m in Sources */ = {isa = PBXBuildFile; fileRef = CACCC01E1F9746B7006AE5AF /* ZBDetailFirstCell.m */; };
		CACCC0211F9746B7006AE5AF /* ZBDetailFirstCell.xib in Resources */ = {isa = PBXBuildFile; fileRef = CACCC01F1F9746B7006AE5AF /* ZBDetailFirstCell.xib */; };
		CAD3B2721F932A7800062317 /* YZDisplayTitleLabel.m in Sources */ = {isa = PBXBuildFile; fileRef = CAD3B2691F932A7700062317 /* YZDisplayTitleLabel.m */; };
		CAD3B2731F932A7800062317 /* YZFlowLayout.m in Sources */ = {isa = PBXBuildFile; fileRef = CAD3B26B1F932A7700062317 /* YZFlowLayout.m */; };
		CAD3B2741F932A7800062317 /* UIView+Frame.m in Sources */ = {isa = PBXBuildFile; fileRef = CAD3B26C1F932A7700062317 /* UIView+Frame.m */; };
		CAD3B2751F932A7800062317 /* YZDisplayViewController.m in Sources */ = {isa = PBXBuildFile; fileRef = CAD3B2701F932A7700062317 /* YZDisplayViewController.m */; };
		CAD3B2781F932B8000062317 /* ZBCommendVC.m in Sources */ = {isa = PBXBuildFile; fileRef = CAD3B2771F932B8000062317 /* ZBCommendVC.m */; };
		CAD3B27B1F932BD600062317 /* ZBChildViewController.m in Sources */ = {isa = PBXBuildFile; fileRef = CAD3B27A1F932BD600062317 /* ZBChildViewController.m */; };
		CAD3B2841F932ED400062317 /* RequesCover.m in Sources */ = {isa = PBXBuildFile; fileRef = CAD3B2821F932ED400062317 /* RequesCover.m */; };
		CAD3B2851F932ED400062317 /* RequesCover.xib in Resources */ = {isa = PBXBuildFile; fileRef = CAD3B2831F932ED400062317 /* RequesCover.xib */; };
		CAD936E51F8A5198004BEDC4 /* CBSegmentView.m in Sources */ = {isa = PBXBuildFile; fileRef = CAD936E31F8A5198004BEDC4 /* CBSegmentView.m */; };
		CAD936F71F8B9A6A004BEDC4 /* ipadData.json in Resources */ = {isa = PBXBuildFile; fileRef = CAD936F21F8B9A6A004BEDC4 /* ipadData.json */; };
		CAD936F81F8B9A6A004BEDC4 /* macbookData.json in Resources */ = {isa = PBXBuildFile; fileRef = CAD936F31F8B9A6A004BEDC4 /* macbookData.json */; };
		CAD936F91F8B9A6A004BEDC4 /* cameraData.json in Resources */ = {isa = PBXBuildFile; fileRef = CAD936F41F8B9A6A004BEDC4 /* cameraData.json */; };
		CAD936FA1F8B9A6A004BEDC4 /* otherData.json in Resources */ = {isa = PBXBuildFile; fileRef = CAD936F51F8B9A6A004BEDC4 /* otherData.json */; };
		CAD936FD1F8B9BA1004BEDC4 /* iphoneData.json in Resources */ = {isa = PBXBuildFile; fileRef = CAD936FC1F8B9BA1004BEDC4 /* iphoneData.json */; };
		CAD937001F8CE969004BEDC4 /* BaseMethod.m in Sources */ = {isa = PBXBuildFile; fileRef = CAD936FF1F8CE969004BEDC4 /* BaseMethod.m */; };
		CAD937041F8D1454004BEDC4 /* ZBHTTPRequestManager.m in Sources */ = {isa = PBXBuildFile; fileRef = CAD937031F8D1454004BEDC4 /* ZBHTTPRequestManager.m */; };
		CAD9370B1F8D178D004BEDC4 /* FindBannerModel.m in Sources */ = {isa = PBXBuildFile; fileRef = CAD9370A1F8D178D004BEDC4 /* FindBannerModel.m */; };
		CAD9370E1F8D1AF8004BEDC4 /* HotProductView.m in Sources */ = {isa = PBXBuildFile; fileRef = CAD9370D1F8D1AF8004BEDC4 /* HotProductView.m */; };
		CAD937121F8D1E29004BEDC4 /* HotProductView.xib in Resources */ = {isa = PBXBuildFile; fileRef = CAD937111F8D1E29004BEDC4 /* HotProductView.xib */; };
		CAD937151F8D209D004BEDC4 /* HotProductModel.m in Sources */ = {isa = PBXBuildFile; fileRef = CAD937141F8D209D004BEDC4 /* HotProductModel.m */; };
		CAD937181F8E3DE0004BEDC4 /* TodayNewDataModel.m in Sources */ = {isa = PBXBuildFile; fileRef = CAD937171F8E3DE0004BEDC4 /* TodayNewDataModel.m */; };
		CAD9371C1F8E3F3B004BEDC4 /* TodayNewCell.m in Sources */ = {isa = PBXBuildFile; fileRef = CAD9371A1F8E3F3B004BEDC4 /* TodayNewCell.m */; };
		CAD9371D1F8E3F3B004BEDC4 /* TodayNewCell.xib in Resources */ = {isa = PBXBuildFile; fileRef = CAD9371B1F8E3F3B004BEDC4 /* TodayNewCell.xib */; };
		CADDCE541F9369F600305D47 /* ZBChildCell.m in Sources */ = {isa = PBXBuildFile; fileRef = CADDCE521F9369F600305D47 /* ZBChildCell.m */; };
		CADDCE551F9369F600305D47 /* ZBChildCell.xib in Resources */ = {isa = PBXBuildFile; fileRef = CADDCE531F9369F600305D47 /* ZBChildCell.xib */; };
		CADDCE591F93764C00305D47 /* ZBProductCollectionCell.m in Sources */ = {isa = PBXBuildFile; fileRef = CADDCE571F93764C00305D47 /* ZBProductCollectionCell.m */; };
		CADDCE5A1F93764C00305D47 /* ZBProductCollectionCell.xib in Resources */ = {isa = PBXBuildFile; fileRef = CADDCE581F93764C00305D47 /* ZBProductCollectionCell.xib */; };
		CADDCE5D1F937AF800305D47 /* ZBProductDataModel.m in Sources */ = {isa = PBXBuildFile; fileRef = CADDCE5C1F937AF800305D47 /* ZBProductDataModel.m */; };
		CADDCE601F937B9900305D47 /* ZBProductListModel.m in Sources */ = {isa = PBXBuildFile; fileRef = CADDCE5F1F937B9900305D47 /* ZBProductListModel.m */; };
/* End PBXBuildFile section */

/* Begin PBXFileReference section */
		93F2ECCA515DA203302C7750 /* Pods-ECO.release.xcconfig */ = {isa = PBXFileReference; includeInIndex = 1; lastKnownFileType = text.xcconfig; name = "Pods-ECO.release.xcconfig"; path = "Pods/Target Support Files/Pods-ECO/Pods-ECO.release.xcconfig"; sourceTree = "<group>"; };
		CA288D831FA2CA9100037D2D /* Image.xcassets */ = {isa = PBXFileReference; lastKnownFileType = folder.assetcatalog; path = Image.xcassets; sourceTree = "<group>"; };
		CA288D871FA2D79600037D2D /* ViewControllerC.h */ = {isa = PBXFileReference; fileEncoding = 4; lastKnownFileType = sourcecode.c.h; path = ViewControllerC.h; sourceTree = "<group>"; };
		CA288D881FA2D79600037D2D /* ViewControllerC.m */ = {isa = PBXFileReference; fileEncoding = 4; lastKnownFileType = sourcecode.c.objc; path = ViewControllerC.m; sourceTree = "<group>"; };
		CA288D8D1FA2D7B900037D2D /* NavHeadTitleView.m */ = {isa = PBXFileReference; fileEncoding = 4; lastKnownFileType = sourcecode.c.objc; path = NavHeadTitleView.m; sourceTree = "<group>"; };
		CA288D8E1FA2D7B900037D2D /* HeadLineView.h */ = {isa = PBXFileReference; fileEncoding = 4; lastKnownFileType = sourcecode.c.h; path = HeadLineView.h; sourceTree = "<group>"; };
		CA288D8F1FA2D7B900037D2D /* HeadImageView.h */ = {isa = PBXFileReference; fileEncoding = 4; lastKnownFileType = sourcecode.c.h; path = HeadImageView.h; sourceTree = "<group>"; };
		CA288D901FA2D7B900037D2D /* HeadLineView.m */ = {isa = PBXFileReference; fileEncoding = 4; lastKnownFileType = sourcecode.c.objc; path = HeadLineView.m; sourceTree = "<group>"; };
		CA288D911FA2D7B900037D2D /* NavHeadTitleView.h */ = {isa = PBXFileReference; fileEncoding = 4; lastKnownFileType = sourcecode.c.h; path = NavHeadTitleView.h; sourceTree = "<group>"; };
		CA288D921FA2D7B900037D2D /* HeadImageView.m */ = {isa = PBXFileReference; fileEncoding = 4; lastKnownFileType = sourcecode.c.objc; path = HeadImageView.m; sourceTree = "<group>"; };
		CA6DB7321F809DC800B66C4D /* LaunchScreen.storyboard */ = {isa = PBXFileReference; lastKnownFileType = file.storyboard; path = LaunchScreen.storyboard; sourceTree = "<group>"; };
		CA6DB7371F80C5FE00B66C4D /* ViewControllerB.m */ = {isa = PBXFileReference; fileEncoding = 4; lastKnownFileType = sourcecode.c.objc; path = ViewControllerB.m; sourceTree = "<group>"; };
		CA6DB7381F80C5FE00B66C4D /* ViewControllerE.h */ = {isa = PBXFileReference; fileEncoding = 4; lastKnownFileType = sourcecode.c.h; path = ViewControllerE.h; sourceTree = "<group>"; };
		CA6DB7391F80C5FE00B66C4D /* ViewControllerD.h */ = {isa = PBXFileReference; fileEncoding = 4; lastKnownFileType = sourcecode.c.h; path = ViewControllerD.h; sourceTree = "<group>"; };
		CA6DB73A1F80C5FE00B66C4D /* ViewControllerB.h */ = {isa = PBXFileReference; fileEncoding = 4; lastKnownFileType = sourcecode.c.h; path = ViewControllerB.h; sourceTree = "<group>"; };
		CA6DB73B1F80C5FE00B66C4D /* ViewControllerA.h */ = {isa = PBXFileReference; fileEncoding = 4; lastKnownFileType = sourcecode.c.h; path = ViewControllerA.h; sourceTree = "<group>"; };
		CA6DB73C1F80C5FE00B66C4D /* ViewControllerD.m */ = {isa = PBXFileReference; fileEncoding = 4; lastKnownFileType = sourcecode.c.objc; path = ViewControllerD.m; sourceTree = "<group>"; };
		CA6DB73E1F80C5FE00B66C4D /* ViewControllerE.m */ = {isa = PBXFileReference; fileEncoding = 4; lastKnownFileType = sourcecode.c.objc; path = ViewControllerE.m; sourceTree = "<group>"; };
		CA6DB73F1F80C5FE00B66C4D /* ViewControllerA.m */ = {isa = PBXFileReference; fileEncoding = 4; lastKnownFileType = sourcecode.c.objc; path = ViewControllerA.m; sourceTree = "<group>"; };
		CA6DB7591F80D16A00B66C4D /* PrefixHeader.pch */ = {isa = PBXFileReference; fileEncoding = 4; lastKnownFileType = sourcecode.c.h; path = PrefixHeader.pch; sourceTree = "<group>"; };
		CA6DB75A1F80D16A00B66C4D /* Header.h */ = {isa = PBXFileReference; fileEncoding = 4; lastKnownFileType = sourcecode.c.h; path = Header.h; sourceTree = "<group>"; };
		CA6DB75B1F80D1E000B66C4D /* HomeCell.xib */ = {isa = PBXFileReference; fileEncoding = 4; lastKnownFileType = file.xib; path = HomeCell.xib; sourceTree = "<group>"; };
		CA6DB75C1F80D1E000B66C4D /* HomeCell.m */ = {isa = PBXFileReference; fileEncoding = 4; lastKnownFileType = sourcecode.c.objc; path = HomeCell.m; sourceTree = "<group>"; };
		CA6DB75D1F80D1E000B66C4D /* HomeCell.h */ = {isa = PBXFileReference; fileEncoding = 4; lastKnownFileType = sourcecode.c.h; path = HomeCell.h; sourceTree = "<group>"; };
		CA6DB76C1F80D58F00B66C4D /* HomeHotProductsModel.m */ = {isa = PBXFileReference; fileEncoding = 4; lastKnownFileType = sourcecode.c.objc; path = HomeHotProductsModel.m; sourceTree = "<group>"; };
		CA6DB76D1F80D58F00B66C4D /* HomeBannersModel.h */ = {isa = PBXFileReference; fileEncoding = 4; lastKnownFileType = sourcecode.c.h; path = HomeBannersModel.h; sourceTree = "<group>"; };
		CA6DB76E1F80D58F00B66C4D /* HomeDataModel.m */ = {isa = PBXFileReference; fileEncoding = 4; lastKnownFileType = sourcecode.c.objc; path = HomeDataModel.m; sourceTree = "<group>"; };
		CA6DB76F1F80D58F00B66C4D /* HomeCategoriesModel.m */ = {isa = PBXFileReference; fileEncoding = 4; lastKnownFileType = sourcecode.c.objc; path = HomeCategoriesModel.m; sourceTree = "<group>"; };
		CA6DB7701F80D58F00B66C4D /* HomeBannersModel.m */ = {isa = PBXFileReference; fileEncoding = 4; lastKnownFileType = sourcecode.c.objc; path = HomeBannersModel.m; sourceTree = "<group>"; };
		CA6DB7711F80D58F00B66C4D /* HomeHotProductsModel.h */ = {isa = PBXFileReference; fileEncoding = 4; lastKnownFileType = sourcecode.c.h; path = HomeHotProductsModel.h; sourceTree = "<group>"; };
		CA6DB7721F80D58F00B66C4D /* HomeCategoriesModel.h */ = {isa = PBXFileReference; fileEncoding = 4; lastKnownFileType = sourcecode.c.h; path = HomeCategoriesModel.h; sourceTree = "<group>"; };
		CA6DB7731F80D58F00B66C4D /* HomeDataModel.h */ = {isa = PBXFileReference; fileEncoding = 4; lastKnownFileType = sourcecode.c.h; path = HomeDataModel.h; sourceTree = "<group>"; };
		CA6DB77F1F80E6A800B66C4D /* HomeData.json */ = {isa = PBXFileReference; fileEncoding = 4; lastKnownFileType = text.json; path = HomeData.json; sourceTree = "<group>"; };
		CA6DB7811F81285600B66C4D /* CategoriesView.h */ = {isa = PBXFileReference; lastKnownFileType = sourcecode.c.h; path = CategoriesView.h; sourceTree = "<group>"; };
		CA6DB7821F81285600B66C4D /* CategoriesView.m */ = {isa = PBXFileReference; lastKnownFileType = sourcecode.c.objc; path = CategoriesView.m; sourceTree = "<group>"; };
		CA6DB7841F8128CE00B66C4D /* CategoriesView.xib */ = {isa = PBXFileReference; lastKnownFileType = file.xib; path = CategoriesView.xib; sourceTree = "<group>"; };
		CA727C761F9DCB5D00F89413 /* ZBDetailSecondCell.h */ = {isa = PBXFileReference; lastKnownFileType = sourcecode.c.h; path = ZBDetailSecondCell.h; sourceTree = "<group>"; };
		CA727C771F9DCB5D00F89413 /* ZBDetailSecondCell.m */ = {isa = PBXFileReference; lastKnownFileType = sourcecode.c.objc; path = ZBDetailSecondCell.m; sourceTree = "<group>"; };
		CA727C781F9DCB5D00F89413 /* ZBDetailSecondCell.xib */ = {isa = PBXFileReference; lastKnownFileType = file.xib; path = ZBDetailSecondCell.xib; sourceTree = "<group>"; };
		CA727C7B1F9DD09600F89413 /* ZBProductDetailModel.h */ = {isa = PBXFileReference; lastKnownFileType = sourcecode.c.h; path = ZBProductDetailModel.h; sourceTree = "<group>"; };
		CA727C7C1F9DD09600F89413 /* ZBProductDetailModel.m */ = {isa = PBXFileReference; lastKnownFileType = sourcecode.c.objc; path = ZBProductDetailModel.m; sourceTree = "<group>"; };
		CA97B6A71F7E9525008368F0 /* ECO.app */ = {isa = PBXFileReference; explicitFileType = wrapper.application; includeInIndex = 0; path = ECO.app; sourceTree = BUILT_PRODUCTS_DIR; };
		CA97B6AA1F7E9526008368F0 /* AppDelegate.h */ = {isa = PBXFileReference; lastKnownFileType = sourcecode.c.h; path = AppDelegate.h; sourceTree = "<group>"; };
		CA97B6AB1F7E9526008368F0 /* AppDelegate.m */ = {isa = PBXFileReference; lastKnownFileType = sourcecode.c.objc; path = AppDelegate.m; sourceTree = "<group>"; };
		CA97B6B11F7E9526008368F0 /* Base */ = {isa = PBXFileReference; lastKnownFileType = file.storyboard; name = Base; path = Base.lproj/Main.storyboard; sourceTree = "<group>"; };
		CA97B6B31F7E9526008368F0 /* Assets.xcassets */ = {isa = PBXFileReference; lastKnownFileType = folder.assetcatalog; path = Assets.xcassets; sourceTree = "<group>"; };
		CA97B6B81F7E9526008368F0 /* Info.plist */ = {isa = PBXFileReference; lastKnownFileType = text.plist.xml; path = Info.plist; sourceTree = "<group>"; };
		CA97B6B91F7E9526008368F0 /* main.m */ = {isa = PBXFileReference; lastKnownFileType = sourcecode.c.objc; path = main.m; sourceTree = "<group>"; };
		CA97B6E31F7E9777008368F0 /* TabbarBeyondClick.pch */ = {isa = PBXFileReference; lastKnownFileType = sourcecode.c.h; path = TabbarBeyondClick.pch; sourceTree = "<group>"; };
		CA97B6E41F7E9777008368F0 /* AppStyle.h */ = {isa = PBXFileReference; lastKnownFileType = sourcecode.c.h; path = AppStyle.h; sourceTree = "<group>"; };
		CA9FAC4C1F94F9B7009B024C /* ZBAndroidViewController.h */ = {isa = PBXFileReference; lastKnownFileType = sourcecode.c.h; path = ZBAndroidViewController.h; sourceTree = "<group>"; };
		CA9FAC4D1F94F9B7009B024C /* ZBAndroidViewController.m */ = {isa = PBXFileReference; lastKnownFileType = sourcecode.c.objc; path = ZBAndroidViewController.m; sourceTree = "<group>"; };
		CA9FAC4F1F94F9CA009B024C /* ZBIPadViewController.h */ = {isa = PBXFileReference; lastKnownFileType = sourcecode.c.h; path = ZBIPadViewController.h; sourceTree = "<group>"; };
		CA9FAC501F94F9CA009B024C /* ZBIPadViewController.m */ = {isa = PBXFileReference; lastKnownFileType = sourcecode.c.objc; path = ZBIPadViewController.m; sourceTree = "<group>"; };
		CA9FAC521F94F9DA009B024C /* ZBMacBookViewController.h */ = {isa = PBXFileReference; lastKnownFileType = sourcecode.c.h; path = ZBMacBookViewController.h; sourceTree = "<group>"; };
		CA9FAC531F94F9DA009B024C /* ZBMacBookViewController.m */ = {isa = PBXFileReference; lastKnownFileType = sourcecode.c.objc; path = ZBMacBookViewController.m; sourceTree = "<group>"; };
		CA9FAC551F94F9EA009B024C /* ZBWatchViewController.h */ = {isa = PBXFileReference; lastKnownFileType = sourcecode.c.h; path = ZBWatchViewController.h; sourceTree = "<group>"; };
		CA9FAC561F94F9EA009B024C /* ZBWatchViewController.m */ = {isa = PBXFileReference; lastKnownFileType = sourcecode.c.objc; path = ZBWatchViewController.m; sourceTree = "<group>"; };
		CAAFE79B1FA1C9760055A75E /* ZBDetailThirdCell.h */ = {isa = PBXFileReference; lastKnownFileType = sourcecode.c.h; path = ZBDetailThirdCell.h; sourceTree = "<group>"; };
		CAAFE79C1FA1C9760055A75E /* ZBDetailThirdCell.m */ = {isa = PBXFileReference; lastKnownFileType = sourcecode.c.objc; path = ZBDetailThirdCell.m; sourceTree = "<group>"; };
		CAAFE79D1FA1C9760055A75E /* ZBDetailThirdCell.xib */ = {isa = PBXFileReference; lastKnownFileType = file.xib; path = ZBDetailThirdCell.xib; sourceTree = "<group>"; };
		CACCBF301F964C1C006AE5AF /* ZBDetailViewController.h */ = {isa = PBXFileReference; lastKnownFileType = sourcecode.c.h; path = ZBDetailViewController.h; sourceTree = "<group>"; };
		CACCBF311F964C1C006AE5AF /* ZBDetailViewController.m */ = {isa = PBXFileReference; lastKnownFileType = sourcecode.c.objc; path = ZBDetailViewController.m; sourceTree = "<group>"; };
		CACCBFAF1F96E38A006AE5AF /* Feasd.m */ = {isa = PBXFileReference; fileEncoding = 4; lastKnownFileType = sourcecode.c.objc; path = Feasd.m; sourceTree = "<group>"; };
		CACCBFB01F96E38A006AE5AF /* FeWifiManHub.m */ = {isa = PBXFileReference; fileEncoding = 4; lastKnownFileType = sourcecode.c.objc; path = FeWifiManHub.m; sourceTree = "<group>"; };
		CACCBFB11F96E38A006AE5AF /* FeRollingViewController.m */ = {isa = PBXFileReference; fileEncoding = 4; lastKnownFileType = sourcecode.c.objc; path = FeRollingViewController.m; sourceTree = "<group>"; };
		CACCBFB21F96E38A006AE5AF /* FeSpinner-Info.plist */ = {isa = PBXFileReference; fileEncoding = 4; lastKnownFileType = text.plist.xml; path = "FeSpinner-Info.plist"; sourceTree = "<group>"; };
		CACCBFB31F96E38A006AE5AF /* FeVietNamBar.h */ = {isa = PBXFileReference; fileEncoding = 4; lastKnownFileType = sourcecode.c.h; path = FeVietNamBar.h; sourceTree = "<group>"; };
		CACCBFB41F96E38A006AE5AF /* FeZeroLoader.h */ = {isa = PBXFileReference; fileEncoding = 4; lastKnownFileType = sourcecode.c.h; path = FeZeroLoader.h; sourceTree = "<group>"; };
		CACCBFB51F96E38A006AE5AF /* FeVietNamLoaderViewController.m */ = {isa = PBXFileReference; fileEncoding = 4; lastKnownFileType = sourcecode.c.objc; path = FeVietNamLoaderViewController.m; sourceTree = "<group>"; };
		CACCBFB61F96E38A006AE5AF /* FeHourGlass.h */ = {isa = PBXFileReference; fileEncoding = 4; lastKnownFileType = sourcecode.c.h; path = FeHourGlass.h; sourceTree = "<group>"; };
		CACCBFB71F96E38A006AE5AF /* CabinCondensed-Bold.ttf */ = {isa = PBXFileReference; lastKnownFileType = file; path = "CabinCondensed-Bold.ttf"; sourceTree = "<group>"; };
		CACCBFB81F96E38A006AE5AF /* FeZeroLoaderViewController.h */ = {isa = PBXFileReference; fileEncoding = 4; lastKnownFileType = sourcecode.c.h; path = FeZeroLoaderViewController.h; sourceTree = "<group>"; };
		CACCBFB91F96E38A006AE5AF /* FeThreeDotGlowViewController.h */ = {isa = PBXFileReference; fileEncoding = 4; lastKnownFileType = sourcecode.c.h; path = FeThreeDotGlowViewController.h; sourceTree = "<group>"; };
		CACCBFBA1F96E38A006AE5AF /* FeThreeDotGlow.m */ = {isa = PBXFileReference; fileEncoding = 4; lastKnownFileType = sourcecode.c.objc; path = FeThreeDotGlow.m; sourceTree = "<group>"; };
		CACCBFBB1F96E38A006AE5AF /* FeTenDot.m */ = {isa = PBXFileReference; fileEncoding = 4; lastKnownFileType = sourcecode.c.objc; path = FeTenDot.m; sourceTree = "<group>"; };
		CACCBFBC1F96E38A006AE5AF /* FeViewController.h */ = {isa = PBXFileReference; fileEncoding = 4; lastKnownFileType = sourcecode.c.h; path = FeViewController.h; sourceTree = "<group>"; };
		CACCBFBD1F96E38A006AE5AF /* UIColor+flat.h */ = {isa = PBXFileReference; fileEncoding = 4; lastKnownFileType = sourcecode.c.h; path = "UIColor+flat.h"; sourceTree = "<group>"; };
		CACCBFBE1F96E38A006AE5AF /* FeSpinnerTenDotViewController.h */ = {isa = PBXFileReference; fileEncoding = 4; lastKnownFileType = sourcecode.c.h; path = FeSpinnerTenDotViewController.h; sourceTree = "<group>"; };
		CACCBFBF1F96E38A006AE5AF /* FeEqualize.h */ = {isa = PBXFileReference; fileEncoding = 4; lastKnownFileType = sourcecode.c.h; path = FeEqualize.h; sourceTree = "<group>"; };
		CACCBFC01F96E38A006AE5AF /* FeVietNamLoader.m */ = {isa = PBXFileReference; fileEncoding = 4; lastKnownFileType = sourcecode.c.objc; path = FeVietNamLoader.m; sourceTree = "<group>"; };
		CACCBFC11F96E38A006AE5AF /* FeRollingLoader.m */ = {isa = PBXFileReference; fileEncoding = 4; lastKnownFileType = sourcecode.c.objc; path = FeRollingLoader.m; sourceTree = "<group>"; };
		CACCBFC21F96E38A006AE5AF /* FeAppDelegate.h */ = {isa = PBXFileReference; fileEncoding = 4; lastKnownFileType = sourcecode.c.h; path = FeAppDelegate.h; sourceTree = "<group>"; };
		CACCBFC31F96E38A006AE5AF /* WifiMan_Sign_1@2x.png */ = {isa = PBXFileReference; lastKnownFileType = image.png; path = "WifiMan_Sign_1@2x.png"; sourceTree = "<group>"; };
		CACCBFC41F96E38A006AE5AF /* FeHandwriting.m */ = {isa = PBXFileReference; fileEncoding = 4; lastKnownFileType = sourcecode.c.objc; path = FeHandwriting.m; sourceTree = "<group>"; };
		CACCBFC51F96E38A006AE5AF /* FeSpinnerTenDot.m */ = {isa = PBXFileReference; fileEncoding = 4; lastKnownFileType = sourcecode.c.objc; path = FeSpinnerTenDot.m; sourceTree = "<group>"; };
		CACCBFC61F96E38A006AE5AF /* FeHandwritingViewController.h */ = {isa = PBXFileReference; fileEncoding = 4; lastKnownFileType = sourcecode.c.h; path = FeHandwritingViewController.h; sourceTree = "<group>"; };
		CACCBFC71F96E38A006AE5AF /* FeLoadingBoxViewController.m */ = {isa = PBXFileReference; fileEncoding = 4; lastKnownFileType = sourcecode.c.objc; path = FeLoadingBoxViewController.m; sourceTree = "<group>"; };
		CACCBFC81F96E38A006AE5AF /* FeEqualizerViewController.m */ = {isa = PBXFileReference; fileEncoding = 4; lastKnownFileType = sourcecode.c.objc; path = FeEqualizerViewController.m; sourceTree = "<group>"; };
		CACCBFC91F96E38A006AE5AF /* FeLoadingIconBox.m */ = {isa = PBXFileReference; fileEncoding = 4; lastKnownFileType = sourcecode.c.objc; path = FeLoadingIconBox.m; sourceTree = "<group>"; };
		CACCBFCA1F96E38A006AE5AF /* FeLoadingIcon.m */ = {isa = PBXFileReference; fileEncoding = 4; lastKnownFileType = sourcecode.c.objc; path = FeLoadingIcon.m; sourceTree = "<group>"; };
		CACCBFCB1F96E38A006AE5AF /* FeWifiManViewController.m */ = {isa = PBXFileReference; fileEncoding = 4; lastKnownFileType = sourcecode.c.objc; path = FeWifiManViewController.m; sourceTree = "<group>"; };
		CACCBFCC1F96E38A006AE5AF /* Neou-Thin.ttf */ = {isa = PBXFileReference; lastKnownFileType = file; path = "Neou-Thin.ttf"; sourceTree = "<group>"; };
		CACCBFCD1F96E38A006AE5AF /* WifiMan_Sign_3@2x.png */ = {isa = PBXFileReference; lastKnownFileType = image.png; path = "WifiMan_Sign_3@2x.png"; sourceTree = "<group>"; };
		CACCBFCE1F96E38A006AE5AF /* FXBlurView.h */ = {isa = PBXFileReference; fileEncoding = 4; lastKnownFileType = sourcecode.c.h; path = FXBlurView.h; sourceTree = "<group>"; };
		CACCBFCF1F96E38A006AE5AF /* FeHourGlassViewController.m */ = {isa = PBXFileReference; fileEncoding = 4; lastKnownFileType = sourcecode.c.objc; path = FeHourGlassViewController.m; sourceTree = "<group>"; };
		CACCBFD01F96E38A006AE5AF /* FeThreeDotGlow.h */ = {isa = PBXFileReference; fileEncoding = 4; lastKnownFileType = sourcecode.c.h; path = FeThreeDotGlow.h; sourceTree = "<group>"; };
		CACCBFD11F96E38A006AE5AF /* FeThreeDotGlowViewController.m */ = {isa = PBXFileReference; fileEncoding = 4; lastKnownFileType = sourcecode.c.objc; path = FeThreeDotGlowViewController.m; sourceTree = "<group>"; };
		CACCBFD21F96E38A006AE5AF /* FeSpinner-Prefix.pch */ = {isa = PBXFileReference; fileEncoding = 4; lastKnownFileType = sourcecode.c.h; path = "FeSpinner-Prefix.pch"; sourceTree = "<group>"; };
		CACCBFD31F96E38A006AE5AF /* FeZeroLoaderViewController.m */ = {isa = PBXFileReference; fileEncoding = 4; lastKnownFileType = sourcecode.c.objc; path = FeZeroLoaderViewController.m; sourceTree = "<group>"; };
		CACCBFD41F96E38A006AE5AF /* FeHourGlass.m */ = {isa = PBXFileReference; fileEncoding = 4; lastKnownFileType = sourcecode.c.objc; path = FeHourGlass.m; sourceTree = "<group>"; };
		CACCBFD51F96E38A006AE5AF /* FeVietNamLoaderViewController.h */ = {isa = PBXFileReference; fileEncoding = 4; lastKnownFileType = sourcecode.c.h; path = FeVietNamLoaderViewController.h; sourceTree = "<group>"; };
		CACCBFD61F96E38A006AE5AF /* FeVietNamBar.m */ = {isa = PBXFileReference; fileEncoding = 4; lastKnownFileType = sourcecode.c.objc; path = FeVietNamBar.m; sourceTree = "<group>"; };
		CACCBFD71F96E38A006AE5AF /* FeZeroLoader.m */ = {isa = PBXFileReference; fileEncoding = 4; lastKnownFileType = sourcecode.c.objc; path = FeZeroLoader.m; sourceTree = "<group>"; };
		CACCBFD81F96E38A006AE5AF /* FeRollingViewController.h */ = {isa = PBXFileReference; fileEncoding = 4; lastKnownFileType = sourcecode.c.h; path = FeRollingViewController.h; sourceTree = "<group>"; };
		CACCBFD91F96E38A006AE5AF /* FeWifiManHub.xib */ = {isa = PBXFileReference; fileEncoding = 4; lastKnownFileType = file.xib; path = FeWifiManHub.xib; sourceTree = "<group>"; };
		CACCBFDA1F96E38A006AE5AF /* Feasd.h */ = {isa = PBXFileReference; fileEncoding = 4; lastKnownFileType = sourcecode.c.h; path = Feasd.h; sourceTree = "<group>"; };
		CACCBFDB1F96E38A006AE5AF /* FeWifiManHub.h */ = {isa = PBXFileReference; fileEncoding = 4; lastKnownFileType = sourcecode.c.h; path = FeWifiManHub.h; sourceTree = "<group>"; };
		CACCBFDC1F96E38A006AE5AF /* FeEqualize.m */ = {isa = PBXFileReference; fileEncoding = 4; lastKnownFileType = sourcecode.c.objc; path = FeEqualize.m; sourceTree = "<group>"; };
		CACCBFDD1F96E38A006AE5AF /* FeSpinnerTenDotViewController.m */ = {isa = PBXFileReference; fileEncoding = 4; lastKnownFileType = sourcecode.c.objc; path = FeSpinnerTenDotViewController.m; sourceTree = "<group>"; };
		CACCBFDE1F96E38A006AE5AF /* FeViewController.m */ = {isa = PBXFileReference; fileEncoding = 4; lastKnownFileType = sourcecode.c.objc; path = FeViewController.m; sourceTree = "<group>"; };
		CACCBFDF1F96E38A006AE5AF /* UIColor+flat.m */ = {isa = PBXFileReference; fileEncoding = 4; lastKnownFileType = sourcecode.c.objc; path = "UIColor+flat.m"; sourceTree = "<group>"; };
		CACCBFE01F96E38A006AE5AF /* WifiMan_Sign_4@2x.png */ = {isa = PBXFileReference; lastKnownFileType = image.png; path = "WifiMan_Sign_4@2x.png"; sourceTree = "<group>"; };
		CACCBFE11F96E38A006AE5AF /* wifimanhub@2x.png */ = {isa = PBXFileReference; lastKnownFileType = image.png; path = "wifimanhub@2x.png"; sourceTree = "<group>"; };
		CACCBFE21F96E38A006AE5AF /* FeTenDot.h */ = {isa = PBXFileReference; fileEncoding = 4; lastKnownFileType = sourcecode.c.h; path = FeTenDot.h; sourceTree = "<group>"; };
		CACCBFE31F96E38A006AE5AF /* FeHandwritingViewController.m */ = {isa = PBXFileReference; fileEncoding = 4; lastKnownFileType = sourcecode.c.objc; path = FeHandwritingViewController.m; sourceTree = "<group>"; };
		CACCBFE41F96E38A006AE5AF /* FeLoadingBoxViewController.h */ = {isa = PBXFileReference; fileEncoding = 4; lastKnownFileType = sourcecode.c.h; path = FeLoadingBoxViewController.h; sourceTree = "<group>"; };
		CACCBFE51F96E38A006AE5AF /* wifimanhub_grayscale@2x.png */ = {isa = PBXFileReference; lastKnownFileType = image.png; path = "wifimanhub_grayscale@2x.png"; sourceTree = "<group>"; };
		CACCBFE61F96E38A006AE5AF /* FeSpinnerTenDot.h */ = {isa = PBXFileReference; fileEncoding = 4; lastKnownFileType = sourcecode.c.h; path = FeSpinnerTenDot.h; sourceTree = "<group>"; };
		CACCBFE71F96E38A006AE5AF /* FeHandwriting.h */ = {isa = PBXFileReference; fileEncoding = 4; lastKnownFileType = sourcecode.c.h; path = FeHandwriting.h; sourceTree = "<group>"; };
		CACCBFE81F96E38A006AE5AF /* FeAppDelegate.m */ = {isa = PBXFileReference; fileEncoding = 4; lastKnownFileType = sourcecode.c.objc; path = FeAppDelegate.m; sourceTree = "<group>"; };
		CACCBFE91F96E38A006AE5AF /* FeRollingLoader.h */ = {isa = PBXFileReference; fileEncoding = 4; lastKnownFileType = sourcecode.c.h; path = FeRollingLoader.h; sourceTree = "<group>"; };
		CACCBFEA1F96E38A006AE5AF /* FeVietNamLoader.h */ = {isa = PBXFileReference; fileEncoding = 4; lastKnownFileType = sourcecode.c.h; path = FeVietNamLoader.h; sourceTree = "<group>"; };
		CACCBFEB1F96E38A006AE5AF /* WifiMan_Sign_2@2x.png */ = {isa = PBXFileReference; lastKnownFileType = image.png; path = "WifiMan_Sign_2@2x.png"; sourceTree = "<group>"; };
		CACCBFEC1F96E38A006AE5AF /* FeHourGlassViewController.h */ = {isa = PBXFileReference; fileEncoding = 4; lastKnownFileType = sourcecode.c.h; path = FeHourGlassViewController.h; sourceTree = "<group>"; };
		CACCBFED1F96E38A006AE5AF /* FXBlurView.m */ = {isa = PBXFileReference; fileEncoding = 4; lastKnownFileType = sourcecode.c.objc; path = FXBlurView.m; sourceTree = "<group>"; };
		CACCBFEE1F96E38A006AE5AF /* FeWifiManViewController.h */ = {isa = PBXFileReference; fileEncoding = 4; lastKnownFileType = sourcecode.c.h; path = FeWifiManViewController.h; sourceTree = "<group>"; };
		CACCBFEF1F96E38A006AE5AF /* FeLoadingIcon.h */ = {isa = PBXFileReference; fileEncoding = 4; lastKnownFileType = sourcecode.c.h; path = FeLoadingIcon.h; sourceTree = "<group>"; };
		CACCBFF01F96E38A006AE5AF /* FeLoadingIconBox.h */ = {isa = PBXFileReference; fileEncoding = 4; lastKnownFileType = sourcecode.c.h; path = FeLoadingIconBox.h; sourceTree = "<group>"; };
		CACCBFF11F96E38A006AE5AF /* FeEqualizerViewController.h */ = {isa = PBXFileReference; fileEncoding = 4; lastKnownFileType = sourcecode.c.h; path = FeEqualizerViewController.h; sourceTree = "<group>"; };
		CACCC0181F971EA7006AE5AF /* Tools.h */ = {isa = PBXFileReference; fileEncoding = 4; lastKnownFileType = sourcecode.c.h; path = Tools.h; sourceTree = "<group>"; };
		CACCC0191F971EA7006AE5AF /* Tools.m */ = {isa = PBXFileReference; fileEncoding = 4; lastKnownFileType = sourcecode.c.objc; path = Tools.m; sourceTree = "<group>"; };
		CACCC01D1F9746B7006AE5AF /* ZBDetailFirstCell.h */ = {isa = PBXFileReference; lastKnownFileType = sourcecode.c.h; path = ZBDetailFirstCell.h; sourceTree = "<group>"; };
		CACCC01E1F9746B7006AE5AF /* ZBDetailFirstCell.m */ = {isa = PBXFileReference; lastKnownFileType = sourcecode.c.objc; path = ZBDetailFirstCell.m; sourceTree = "<group>"; };
		CACCC01F1F9746B7006AE5AF /* ZBDetailFirstCell.xib */ = {isa = PBXFileReference; lastKnownFileType = file.xib; path = ZBDetailFirstCell.xib; sourceTree = "<group>"; };
		CAD3B2691F932A7700062317 /* YZDisplayTitleLabel.m */ = {isa = PBXFileReference; fileEncoding = 4; lastKnownFileType = sourcecode.c.objc; path = YZDisplayTitleLabel.m; sourceTree = "<group>"; };
		CAD3B26A1F932A7700062317 /* YZDisplayViewHeader.h */ = {isa = PBXFileReference; fileEncoding = 4; lastKnownFileType = sourcecode.c.h; path = YZDisplayViewHeader.h; sourceTree = "<group>"; };
		CAD3B26B1F932A7700062317 /* YZFlowLayout.m */ = {isa = PBXFileReference; fileEncoding = 4; lastKnownFileType = sourcecode.c.objc; path = YZFlowLayout.m; sourceTree = "<group>"; };
		CAD3B26C1F932A7700062317 /* UIView+Frame.m */ = {isa = PBXFileReference; fileEncoding = 4; lastKnownFileType = sourcecode.c.objc; path = "UIView+Frame.m"; sourceTree = "<group>"; };
		CAD3B26D1F932A7700062317 /* YZDisplayViewController.h */ = {isa = PBXFileReference; fileEncoding = 4; lastKnownFileType = sourcecode.c.h; path = YZDisplayViewController.h; sourceTree = "<group>"; };
		CAD3B26E1F932A7700062317 /* YZDisplayTitleLabel.h */ = {isa = PBXFileReference; fileEncoding = 4; lastKnownFileType = sourcecode.c.h; path = YZDisplayTitleLabel.h; sourceTree = "<group>"; };
		CAD3B26F1F932A7700062317 /* YZFlowLayout.h */ = {isa = PBXFileReference; fileEncoding = 4; lastKnownFileType = sourcecode.c.h; path = YZFlowLayout.h; sourceTree = "<group>"; };
		CAD3B2701F932A7700062317 /* YZDisplayViewController.m */ = {isa = PBXFileReference; fileEncoding = 4; lastKnownFileType = sourcecode.c.objc; path = YZDisplayViewController.m; sourceTree = "<group>"; };
		CAD3B2711F932A7700062317 /* UIView+Frame.h */ = {isa = PBXFileReference; fileEncoding = 4; lastKnownFileType = sourcecode.c.h; path = "UIView+Frame.h"; sourceTree = "<group>"; };
		CAD3B2761F932B8000062317 /* ZBCommendVC.h */ = {isa = PBXFileReference; lastKnownFileType = sourcecode.c.h; path = ZBCommendVC.h; sourceTree = "<group>"; };
		CAD3B2771F932B8000062317 /* ZBCommendVC.m */ = {isa = PBXFileReference; lastKnownFileType = sourcecode.c.objc; path = ZBCommendVC.m; sourceTree = "<group>"; };
		CAD3B2791F932BD600062317 /* ZBChildViewController.h */ = {isa = PBXFileReference; lastKnownFileType = sourcecode.c.h; path = ZBChildViewController.h; sourceTree = "<group>"; };
		CAD3B27A1F932BD600062317 /* ZBChildViewController.m */ = {isa = PBXFileReference; lastKnownFileType = sourcecode.c.objc; path = ZBChildViewController.m; sourceTree = "<group>"; };
		CAD3B2811F932ED400062317 /* RequesCover.h */ = {isa = PBXFileReference; fileEncoding = 4; lastKnownFileType = sourcecode.c.h; path = RequesCover.h; sourceTree = "<group>"; };
		CAD3B2821F932ED400062317 /* RequesCover.m */ = {isa = PBXFileReference; fileEncoding = 4; lastKnownFileType = sourcecode.c.objc; path = RequesCover.m; sourceTree = "<group>"; };
		CAD3B2831F932ED400062317 /* RequesCover.xib */ = {isa = PBXFileReference; fileEncoding = 4; lastKnownFileType = file.xib; path = RequesCover.xib; sourceTree = "<group>"; };
		CAD936E31F8A5198004BEDC4 /* CBSegmentView.m */ = {isa = PBXFileReference; fileEncoding = 4; lastKnownFileType = sourcecode.c.objc; path = CBSegmentView.m; sourceTree = "<group>"; };
		CAD936E41F8A5198004BEDC4 /* CBSegmentView.h */ = {isa = PBXFileReference; fileEncoding = 4; lastKnownFileType = sourcecode.c.h; path = CBSegmentView.h; sourceTree = "<group>"; };
		CAD936F21F8B9A6A004BEDC4 /* ipadData.json */ = {isa = PBXFileReference; fileEncoding = 4; lastKnownFileType = text.json; path = ipadData.json; sourceTree = "<group>"; };
		CAD936F31F8B9A6A004BEDC4 /* macbookData.json */ = {isa = PBXFileReference; fileEncoding = 4; lastKnownFileType = text.json; path = macbookData.json; sourceTree = "<group>"; };
		CAD936F41F8B9A6A004BEDC4 /* cameraData.json */ = {isa = PBXFileReference; fileEncoding = 4; lastKnownFileType = text.json; path = cameraData.json; sourceTree = "<group>"; };
		CAD936F51F8B9A6A004BEDC4 /* otherData.json */ = {isa = PBXFileReference; fileEncoding = 4; lastKnownFileType = text.json; path = otherData.json; sourceTree = "<group>"; };
		CAD936FC1F8B9BA1004BEDC4 /* iphoneData.json */ = {isa = PBXFileReference; fileEncoding = 4; lastKnownFileType = text.json; path = iphoneData.json; sourceTree = "<group>"; };
		CAD936FE1F8CE969004BEDC4 /* BaseMethod.h */ = {isa = PBXFileReference; lastKnownFileType = sourcecode.c.h; path = BaseMethod.h; sourceTree = "<group>"; };
		CAD936FF1F8CE969004BEDC4 /* BaseMethod.m */ = {isa = PBXFileReference; lastKnownFileType = sourcecode.c.objc; path = BaseMethod.m; sourceTree = "<group>"; };
		CAD937011F8D105D004BEDC4 /* URLHeader.h */ = {isa = PBXFileReference; lastKnownFileType = sourcecode.c.h; path = URLHeader.h; sourceTree = "<group>"; };
		CAD937021F8D1454004BEDC4 /* ZBHTTPRequestManager.h */ = {isa = PBXFileReference; lastKnownFileType = sourcecode.c.h; path = ZBHTTPRequestManager.h; sourceTree = "<group>"; };
		CAD937031F8D1454004BEDC4 /* ZBHTTPRequestManager.m */ = {isa = PBXFileReference; lastKnownFileType = sourcecode.c.objc; path = ZBHTTPRequestManager.m; sourceTree = "<group>"; };
		CAD937091F8D178D004BEDC4 /* FindBannerModel.h */ = {isa = PBXFileReference; lastKnownFileType = sourcecode.c.h; path = FindBannerModel.h; sourceTree = "<group>"; };
		CAD9370A1F8D178D004BEDC4 /* FindBannerModel.m */ = {isa = PBXFileReference; lastKnownFileType = sourcecode.c.objc; path = FindBannerModel.m; sourceTree = "<group>"; };
		CAD9370C1F8D1AF8004BEDC4 /* HotProductView.h */ = {isa = PBXFileReference; lastKnownFileType = sourcecode.c.h; path = HotProductView.h; sourceTree = "<group>"; };
		CAD9370D1F8D1AF8004BEDC4 /* HotProductView.m */ = {isa = PBXFileReference; lastKnownFileType = sourcecode.c.objc; path = HotProductView.m; sourceTree = "<group>"; };
		CAD937111F8D1E29004BEDC4 /* HotProductView.xib */ = {isa = PBXFileReference; lastKnownFileType = file.xib; path = HotProductView.xib; sourceTree = "<group>"; };
		CAD937131F8D209D004BEDC4 /* HotProductModel.h */ = {isa = PBXFileReference; lastKnownFileType = sourcecode.c.h; path = HotProductModel.h; sourceTree = "<group>"; };
		CAD937141F8D209D004BEDC4 /* HotProductModel.m */ = {isa = PBXFileReference; lastKnownFileType = sourcecode.c.objc; path = HotProductModel.m; sourceTree = "<group>"; };
		CAD937161F8E3DE0004BEDC4 /* TodayNewDataModel.h */ = {isa = PBXFileReference; lastKnownFileType = sourcecode.c.h; path = TodayNewDataModel.h; sourceTree = "<group>"; };
		CAD937171F8E3DE0004BEDC4 /* TodayNewDataModel.m */ = {isa = PBXFileReference; lastKnownFileType = sourcecode.c.objc; path = TodayNewDataModel.m; sourceTree = "<group>"; };
		CAD937191F8E3F3B004BEDC4 /* TodayNewCell.h */ = {isa = PBXFileReference; lastKnownFileType = sourcecode.c.h; path = TodayNewCell.h; sourceTree = "<group>"; };
		CAD9371A1F8E3F3B004BEDC4 /* TodayNewCell.m */ = {isa = PBXFileReference; lastKnownFileType = sourcecode.c.objc; path = TodayNewCell.m; sourceTree = "<group>"; };
		CAD9371B1F8E3F3B004BEDC4 /* TodayNewCell.xib */ = {isa = PBXFileReference; lastKnownFileType = file.xib; path = TodayNewCell.xib; sourceTree = "<group>"; };
		CADDCE511F9369F600305D47 /* ZBChildCell.h */ = {isa = PBXFileReference; lastKnownFileType = sourcecode.c.h; path = ZBChildCell.h; sourceTree = "<group>"; };
		CADDCE521F9369F600305D47 /* ZBChildCell.m */ = {isa = PBXFileReference; lastKnownFileType = sourcecode.c.objc; path = ZBChildCell.m; sourceTree = "<group>"; };
		CADDCE531F9369F600305D47 /* ZBChildCell.xib */ = {isa = PBXFileReference; lastKnownFileType = file.xib; path = ZBChildCell.xib; sourceTree = "<group>"; };
		CADDCE561F93764C00305D47 /* ZBProductCollectionCell.h */ = {isa = PBXFileReference; lastKnownFileType = sourcecode.c.h; path = ZBProductCollectionCell.h; sourceTree = "<group>"; };
		CADDCE571F93764C00305D47 /* ZBProductCollectionCell.m */ = {isa = PBXFileReference; lastKnownFileType = sourcecode.c.objc; path = ZBProductCollectionCell.m; sourceTree = "<group>"; };
		CADDCE581F93764C00305D47 /* ZBProductCollectionCell.xib */ = {isa = PBXFileReference; lastKnownFileType = file.xib; path = ZBProductCollectionCell.xib; sourceTree = "<group>"; };
		CADDCE5B1F937AF800305D47 /* ZBProductDataModel.h */ = {isa = PBXFileReference; lastKnownFileType = sourcecode.c.h; path = ZBProductDataModel.h; sourceTree = "<group>"; };
		CADDCE5C1F937AF800305D47 /* ZBProductDataModel.m */ = {isa = PBXFileReference; lastKnownFileType = sourcecode.c.objc; path = ZBProductDataModel.m; sourceTree = "<group>"; };
		CADDCE5E1F937B9900305D47 /* ZBProductListModel.h */ = {isa = PBXFileReference; lastKnownFileType = sourcecode.c.h; path = ZBProductListModel.h; sourceTree = "<group>"; };
		CADDCE5F1F937B9900305D47 /* ZBProductListModel.m */ = {isa = PBXFileReference; lastKnownFileType = sourcecode.c.objc; path = ZBProductListModel.m; sourceTree = "<group>"; };
		D64493FE7795CC3A36F42528 /* libPods-ECO.a */ = {isa = PBXFileReference; explicitFileType = archive.ar; includeInIndex = 0; path = "libPods-ECO.a"; sourceTree = BUILT_PRODUCTS_DIR; };
		F03B5045F91DC07E4754DBCC /* Pods-ECO.debug.xcconfig */ = {isa = PBXFileReference; includeInIndex = 1; lastKnownFileType = text.xcconfig; name = "Pods-ECO.debug.xcconfig"; path = "Pods/Target Support Files/Pods-ECO/Pods-ECO.debug.xcconfig"; sourceTree = "<group>"; };
/* End PBXFileReference section */

/* Begin PBXFrameworksBuildPhase section */
		CA97B6A41F7E9525008368F0 /* Frameworks */ = {
			isa = PBXFrameworksBuildPhase;
			buildActionMask = 2147483647;
			files = (
				87F5E79BB23E3C21043131C2 /* libPods-ECO.a in Frameworks */,
			);
			runOnlyForDeploymentPostprocessing = 0;
		};
/* End PBXFrameworksBuildPhase section */

/* Begin PBXGroup section */
		66A5F8DDD3E1604F23E53037 /* Frameworks */ = {
			isa = PBXGroup;
			children = (
				D64493FE7795CC3A36F42528 /* libPods-ECO.a */,
			);
			name = Frameworks;
			sourceTree = "<group>";
		};
		9666B30A313D60DBAC3D05C7 /* Pods */ = {
			isa = PBXGroup;
			children = (
				F03B5045F91DC07E4754DBCC /* Pods-ECO.debug.xcconfig */,
				93F2ECCA515DA203302C7750 /* Pods-ECO.release.xcconfig */,
			);
			name = Pods;
			sourceTree = "<group>";
		};
		CA288D851FA2D79600037D2D /* Mine */ = {
			isa = PBXGroup;
			children = (
				CA288D861FA2D79600037D2D /* Controller */,
				CA288D891FA2D79600037D2D /* Model */,
				CA288D8A1FA2D79600037D2D /* View */,
			);
			path = Mine;
			sourceTree = "<group>";
		};
		CA288D861FA2D79600037D2D /* Controller */ = {
			isa = PBXGroup;
			children = (
				CA288D871FA2D79600037D2D /* ViewControllerC.h */,
				CA288D881FA2D79600037D2D /* ViewControllerC.m */,
			);
			path = Controller;
			sourceTree = "<group>";
		};
		CA288D891FA2D79600037D2D /* Model */ = {
			isa = PBXGroup;
			children = (
			);
			path = Model;
			sourceTree = "<group>";
		};
		CA288D8A1FA2D79600037D2D /* View */ = {
			isa = PBXGroup;
			children = (
				CA288D8C1FA2D7B900037D2D /* Views */,
			);
			path = View;
			sourceTree = "<group>";
		};
		CA288D8C1FA2D7B900037D2D /* Views */ = {
			isa = PBXGroup;
			children = (
				CA288D911FA2D7B900037D2D /* NavHeadTitleView.h */,
				CA288D8D1FA2D7B900037D2D /* NavHeadTitleView.m */,
				CA288D8E1FA2D7B900037D2D /* HeadLineView.h */,
				CA288D901FA2D7B900037D2D /* HeadLineView.m */,
				CA288D8F1FA2D7B900037D2D /* HeadImageView.h */,
				CA288D921FA2D7B900037D2D /* HeadImageView.m */,
			);
			path = Views;
			sourceTree = "<group>";
		};
		CA6DB7301F8099E800B66C4D /* Source */ = {
			isa = PBXGroup;
			children = (
				CA6DB7601F80D3E000B66C4D /* DataSource */,
			);
			path = Source;
			sourceTree = "<group>";
		};
		CA6DB7601F80D3E000B66C4D /* DataSource */ = {
			isa = PBXGroup;
			children = (
				CAD936FC1F8B9BA1004BEDC4 /* iphoneData.json */,
				CAD936F41F8B9A6A004BEDC4 /* cameraData.json */,
				CAD936F21F8B9A6A004BEDC4 /* ipadData.json */,
				CAD936F31F8B9A6A004BEDC4 /* macbookData.json */,
				CAD936F51F8B9A6A004BEDC4 /* otherData.json */,
				CA6DB77F1F80E6A800B66C4D /* HomeData.json */,
			);
			path = DataSource;
			sourceTree = "<group>";
		};
		CA6DB76B1F80D58F00B66C4D /* AihuihouModel */ = {
			isa = PBXGroup;
			children = (
				CA6DB76C1F80D58F00B66C4D /* HomeHotProductsModel.m */,
				CA6DB76D1F80D58F00B66C4D /* HomeBannersModel.h */,
				CA6DB76E1F80D58F00B66C4D /* HomeDataModel.m */,
				CA6DB76F1F80D58F00B66C4D /* HomeCategoriesModel.m */,
				CA6DB7701F80D58F00B66C4D /* HomeBannersModel.m */,
				CA6DB7711F80D58F00B66C4D /* HomeHotProductsModel.h */,
				CA6DB7721F80D58F00B66C4D /* HomeCategoriesModel.h */,
				CA6DB7731F80D58F00B66C4D /* HomeDataModel.h */,
			);
			path = AihuihouModel;
			sourceTree = "<group>";
		};
		CA97B69E1F7E9525008368F0 = {
			isa = PBXGroup;
			children = (
				CA97B6A91F7E9525008368F0 /* ECO */,
				CA97B6A81F7E9525008368F0 /* Products */,
				9666B30A313D60DBAC3D05C7 /* Pods */,
				66A5F8DDD3E1604F23E53037 /* Frameworks */,
			);
			sourceTree = "<group>";
		};
		CA97B6A81F7E9525008368F0 /* Products */ = {
			isa = PBXGroup;
			children = (
				CA97B6A71F7E9525008368F0 /* ECO.app */,
			);
			name = Products;
			sourceTree = "<group>";
		};
		CA97B6A91F7E9525008368F0 /* ECO */ = {
			isa = PBXGroup;
			children = (
				CA6DB7301F8099E800B66C4D /* Source */,
				CA97B6E21F7E96FD008368F0 /* Base */,
				CA97B6C01F7E96F5008368F0 /* Class */,
				CA97B6CF1F7E96F5008368F0 /* Global */,
				CA97B6CE1F7E96F5008368F0 /* Manager */,
				CA97B6D01F7E96F5008368F0 /* Other */,
				CA97B6D11F7E96F5008368F0 /* Third */,
				CA97B6CD1F7E96F5008368F0 /* Tools */,
			);
			path = ECO;
			sourceTree = "<group>";
		};
		CA97B6C01F7E96F5008368F0 /* Class */ = {
			isa = PBXGroup;
			children = (
				CA288D851FA2D79600037D2D /* Mine */,
				CAD937051F8D16F0004BEDC4 /* Find */,
				CA97B7221F7FF22E008368F0 /* Home */,
			);
			path = Class;
			sourceTree = "<group>";
		};
		CA97B6CD1F7E96F5008368F0 /* Tools */ = {
			isa = PBXGroup;
			children = (
				CACCC0181F971EA7006AE5AF /* Tools.h */,
				CACCC0191F971EA7006AE5AF /* Tools.m */,
			);
			path = Tools;
			sourceTree = "<group>";
		};
		CA97B6CE1F7E96F5008368F0 /* Manager */ = {
			isa = PBXGroup;
			children = (
			);
			path = Manager;
			sourceTree = "<group>";
		};
		CA97B6CF1F7E96F5008368F0 /* Global */ = {
			isa = PBXGroup;
			children = (
				CA6DB75A1F80D16A00B66C4D /* Header.h */,
				CAD937011F8D105D004BEDC4 /* URLHeader.h */,
				CA6DB7591F80D16A00B66C4D /* PrefixHeader.pch */,
				CA97B6E41F7E9777008368F0 /* AppStyle.h */,
				CA97B6E31F7E9777008368F0 /* TabbarBeyondClick.pch */,
			);
			path = Global;
			sourceTree = "<group>";
		};
		CA97B6D01F7E96F5008368F0 /* Other */ = {
			isa = PBXGroup;
			children = (
				CA97B6AA1F7E9526008368F0 /* AppDelegate.h */,
				CA97B6AB1F7E9526008368F0 /* AppDelegate.m */,
				CA97B6B01F7E9526008368F0 /* Main.storyboard */,
				CA97B6B31F7E9526008368F0 /* Assets.xcassets */,
				CA288D831FA2CA9100037D2D /* Image.xcassets */,
				CA97B6B81F7E9526008368F0 /* Info.plist */,
				CA97B6B91F7E9526008368F0 /* main.m */,
				CA6DB7321F809DC800B66C4D /* LaunchScreen.storyboard */,
			);
			path = Other;
			sourceTree = "<group>";
		};
		CA97B6D11F7E96F5008368F0 /* Third */ = {
			isa = PBXGroup;
			children = (
				CACCBFAE1F96E38A006AE5AF /* FeSpinner */,
				CAD3B2801F932ED400062317 /* 蒙版 */,
				CAD3B2681F932A7700062317 /* YZDisplayViewController */,
				CAD936E21F8A5198004BEDC4 /* CBSegment */,
			);
			path = Third;
			sourceTree = "<group>";
		};
		CA97B6E21F7E96FD008368F0 /* Base */ = {
			isa = PBXGroup;
			children = (
				CAD936FE1F8CE969004BEDC4 /* BaseMethod.h */,
				CAD936FF1F8CE969004BEDC4 /* BaseMethod.m */,
				CAD937021F8D1454004BEDC4 /* ZBHTTPRequestManager.h */,
				CAD937031F8D1454004BEDC4 /* ZBHTTPRequestManager.m */,
			);
			path = Base;
			sourceTree = "<group>";
		};
		CA97B7221F7FF22E008368F0 /* Home */ = {
			isa = PBXGroup;
			children = (
				CA97B7231F7FF22E008368F0 /* Controller */,
				CA97B7241F7FF22E008368F0 /* Model */,
				CA97B7251F7FF22E008368F0 /* View */,
			);
			path = Home;
			sourceTree = "<group>";
		};
		CA97B7231F7FF22E008368F0 /* Controller */ = {
			isa = PBXGroup;
			children = (
				CA6DB73B1F80C5FE00B66C4D /* ViewControllerA.h */,
				CA6DB73F1F80C5FE00B66C4D /* ViewControllerA.m */,
				CA6DB7391F80C5FE00B66C4D /* ViewControllerD.h */,
				CA6DB73C1F80C5FE00B66C4D /* ViewControllerD.m */,
				CA6DB7381F80C5FE00B66C4D /* ViewControllerE.h */,
				CA6DB73E1F80C5FE00B66C4D /* ViewControllerE.m */,
			);
			path = Controller;
			sourceTree = "<group>";
		};
		CA97B7241F7FF22E008368F0 /* Model */ = {
			isa = PBXGroup;
			children = (
				CA6DB76B1F80D58F00B66C4D /* AihuihouModel */,
			);
			path = Model;
			sourceTree = "<group>";
		};
		CA97B7251F7FF22E008368F0 /* View */ = {
			isa = PBXGroup;
			children = (
				CA6DB75D1F80D1E000B66C4D /* HomeCell.h */,
				CA6DB75C1F80D1E000B66C4D /* HomeCell.m */,
				CA6DB75B1F80D1E000B66C4D /* HomeCell.xib */,
				CA6DB7811F81285600B66C4D /* CategoriesView.h */,
				CA6DB7821F81285600B66C4D /* CategoriesView.m */,
				CA6DB7841F8128CE00B66C4D /* CategoriesView.xib */,
			);
			path = View;
			sourceTree = "<group>";
		};
		CACCBFAE1F96E38A006AE5AF /* FeSpinner */ = {
			isa = PBXGroup;
			children = (
				CACCBFAF1F96E38A006AE5AF /* Feasd.m */,
				CACCBFB01F96E38A006AE5AF /* FeWifiManHub.m */,
				CACCBFB11F96E38A006AE5AF /* FeRollingViewController.m */,
				CACCBFB21F96E38A006AE5AF /* FeSpinner-Info.plist */,
				CACCBFB31F96E38A006AE5AF /* FeVietNamBar.h */,
				CACCBFB41F96E38A006AE5AF /* FeZeroLoader.h */,
				CACCBFB51F96E38A006AE5AF /* FeVietNamLoaderViewController.m */,
				CACCBFB61F96E38A006AE5AF /* FeHourGlass.h */,
				CACCBFB71F96E38A006AE5AF /* CabinCondensed-Bold.ttf */,
				CACCBFB81F96E38A006AE5AF /* FeZeroLoaderViewController.h */,
				CACCBFB91F96E38A006AE5AF /* FeThreeDotGlowViewController.h */,
				CACCBFBA1F96E38A006AE5AF /* FeThreeDotGlow.m */,
				CACCBFBB1F96E38A006AE5AF /* FeTenDot.m */,
				CACCBFBC1F96E38A006AE5AF /* FeViewController.h */,
				CACCBFBD1F96E38A006AE5AF /* UIColor+flat.h */,
				CACCBFBE1F96E38A006AE5AF /* FeSpinnerTenDotViewController.h */,
				CACCBFBF1F96E38A006AE5AF /* FeEqualize.h */,
				CACCBFC01F96E38A006AE5AF /* FeVietNamLoader.m */,
				CACCBFC11F96E38A006AE5AF /* FeRollingLoader.m */,
				CACCBFC21F96E38A006AE5AF /* FeAppDelegate.h */,
				CACCBFC31F96E38A006AE5AF /* WifiMan_Sign_1@2x.png */,
				CACCBFC41F96E38A006AE5AF /* FeHandwriting.m */,
				CACCBFC51F96E38A006AE5AF /* FeSpinnerTenDot.m */,
				CACCBFC61F96E38A006AE5AF /* FeHandwritingViewController.h */,
				CACCBFC71F96E38A006AE5AF /* FeLoadingBoxViewController.m */,
				CACCBFC81F96E38A006AE5AF /* FeEqualizerViewController.m */,
				CACCBFC91F96E38A006AE5AF /* FeLoadingIconBox.m */,
				CACCBFCA1F96E38A006AE5AF /* FeLoadingIcon.m */,
				CACCBFCB1F96E38A006AE5AF /* FeWifiManViewController.m */,
				CACCBFCC1F96E38A006AE5AF /* Neou-Thin.ttf */,
				CACCBFCD1F96E38A006AE5AF /* WifiMan_Sign_3@2x.png */,
				CACCBFCE1F96E38A006AE5AF /* FXBlurView.h */,
				CACCBFCF1F96E38A006AE5AF /* FeHourGlassViewController.m */,
				CACCBFD01F96E38A006AE5AF /* FeThreeDotGlow.h */,
				CACCBFD11F96E38A006AE5AF /* FeThreeDotGlowViewController.m */,
				CACCBFD21F96E38A006AE5AF /* FeSpinner-Prefix.pch */,
				CACCBFD31F96E38A006AE5AF /* FeZeroLoaderViewController.m */,
				CACCBFD41F96E38A006AE5AF /* FeHourGlass.m */,
				CACCBFD51F96E38A006AE5AF /* FeVietNamLoaderViewController.h */,
				CACCBFD61F96E38A006AE5AF /* FeVietNamBar.m */,
				CACCBFD71F96E38A006AE5AF /* FeZeroLoader.m */,
				CACCBFD81F96E38A006AE5AF /* FeRollingViewController.h */,
				CACCBFD91F96E38A006AE5AF /* FeWifiManHub.xib */,
				CACCBFDA1F96E38A006AE5AF /* Feasd.h */,
				CACCBFDB1F96E38A006AE5AF /* FeWifiManHub.h */,
				CACCBFDC1F96E38A006AE5AF /* FeEqualize.m */,
				CACCBFDD1F96E38A006AE5AF /* FeSpinnerTenDotViewController.m */,
				CACCBFDE1F96E38A006AE5AF /* FeViewController.m */,
				CACCBFDF1F96E38A006AE5AF /* UIColor+flat.m */,
				CACCBFE01F96E38A006AE5AF /* WifiMan_Sign_4@2x.png */,
				CACCBFE11F96E38A006AE5AF /* wifimanhub@2x.png */,
				CACCBFE21F96E38A006AE5AF /* FeTenDot.h */,
				CACCBFE31F96E38A006AE5AF /* FeHandwritingViewController.m */,
				CACCBFE41F96E38A006AE5AF /* FeLoadingBoxViewController.h */,
				CACCBFE51F96E38A006AE5AF /* wifimanhub_grayscale@2x.png */,
				CACCBFE61F96E38A006AE5AF /* FeSpinnerTenDot.h */,
				CACCBFE71F96E38A006AE5AF /* FeHandwriting.h */,
				CACCBFE81F96E38A006AE5AF /* FeAppDelegate.m */,
				CACCBFE91F96E38A006AE5AF /* FeRollingLoader.h */,
				CACCBFEA1F96E38A006AE5AF /* FeVietNamLoader.h */,
				CACCBFEB1F96E38A006AE5AF /* WifiMan_Sign_2@2x.png */,
				CACCBFEC1F96E38A006AE5AF /* FeHourGlassViewController.h */,
				CACCBFED1F96E38A006AE5AF /* FXBlurView.m */,
				CACCBFEE1F96E38A006AE5AF /* FeWifiManViewController.h */,
				CACCBFEF1F96E38A006AE5AF /* FeLoadingIcon.h */,
				CACCBFF01F96E38A006AE5AF /* FeLoadingIconBox.h */,
				CACCBFF11F96E38A006AE5AF /* FeEqualizerViewController.h */,
			);
			path = FeSpinner;
			sourceTree = "<group>";
		};
		CAD3B2681F932A7700062317 /* YZDisplayViewController */ = {
			isa = PBXGroup;
			children = (
				CAD3B2691F932A7700062317 /* YZDisplayTitleLabel.m */,
				CAD3B26A1F932A7700062317 /* YZDisplayViewHeader.h */,
				CAD3B26B1F932A7700062317 /* YZFlowLayout.m */,
				CAD3B26C1F932A7700062317 /* UIView+Frame.m */,
				CAD3B26D1F932A7700062317 /* YZDisplayViewController.h */,
				CAD3B26E1F932A7700062317 /* YZDisplayTitleLabel.h */,
				CAD3B26F1F932A7700062317 /* YZFlowLayout.h */,
				CAD3B2701F932A7700062317 /* YZDisplayViewController.m */,
				CAD3B2711F932A7700062317 /* UIView+Frame.h */,
			);
			path = YZDisplayViewController;
			sourceTree = "<group>";
		};
		CAD3B2801F932ED400062317 /* 蒙版 */ = {
			isa = PBXGroup;
			children = (
				CAD3B2811F932ED400062317 /* RequesCover.h */,
				CAD3B2821F932ED400062317 /* RequesCover.m */,
				CAD3B2831F932ED400062317 /* RequesCover.xib */,
			);
			path = "蒙版";
			sourceTree = "<group>";
		};
		CAD936E21F8A5198004BEDC4 /* CBSegment */ = {
			isa = PBXGroup;
			children = (
				CAD936E31F8A5198004BEDC4 /* CBSegmentView.m */,
				CAD936E41F8A5198004BEDC4 /* CBSegmentView.h */,
			);
			path = CBSegment;
			sourceTree = "<group>";
		};
		CAD937051F8D16F0004BEDC4 /* Find */ = {
			isa = PBXGroup;
			children = (
				CAD937061F8D16F0004BEDC4 /* Controller */,
				CAD937071F8D16F0004BEDC4 /* Model */,
				CAD937081F8D16F0004BEDC4 /* View */,
			);
			path = Find;
			sourceTree = "<group>";
		};
		CAD937061F8D16F0004BEDC4 /* Controller */ = {
			isa = PBXGroup;
			children = (
				CA6DB73A1F80C5FE00B66C4D /* ViewControllerB.h */,
				CA6DB7371F80C5FE00B66C4D /* ViewControllerB.m */,
				CAD3B2761F932B8000062317 /* ZBCommendVC.h */,
				CAD3B2771F932B8000062317 /* ZBCommendVC.m */,
				CAD3B2791F932BD600062317 /* ZBChildViewController.h */,
				CAD3B27A1F932BD600062317 /* ZBChildViewController.m */,
				CA9FAC4C1F94F9B7009B024C /* ZBAndroidViewController.h */,
				CA9FAC4D1F94F9B7009B024C /* ZBAndroidViewController.m */,
				CA9FAC4F1F94F9CA009B024C /* ZBIPadViewController.h */,
				CA9FAC501F94F9CA009B024C /* ZBIPadViewController.m */,
				CA9FAC521F94F9DA009B024C /* ZBMacBookViewController.h */,
				CA9FAC531F94F9DA009B024C /* ZBMacBookViewController.m */,
				CA9FAC551F94F9EA009B024C /* ZBWatchViewController.h */,
				CA9FAC561F94F9EA009B024C /* ZBWatchViewController.m */,
				CACCBF301F964C1C006AE5AF /* ZBDetailViewController.h */,
				CACCBF311F964C1C006AE5AF /* ZBDetailViewController.m */,
			);
			path = Controller;
			sourceTree = "<group>";
		};
		CAD937071F8D16F0004BEDC4 /* Model */ = {
			isa = PBXGroup;
			children = (
				CAD937091F8D178D004BEDC4 /* FindBannerModel.h */,
				CAD9370A1F8D178D004BEDC4 /* FindBannerModel.m */,
				CAD937131F8D209D004BEDC4 /* HotProductModel.h */,
				CAD937141F8D209D004BEDC4 /* HotProductModel.m */,
				CAD937161F8E3DE0004BEDC4 /* TodayNewDataModel.h */,
				CAD937171F8E3DE0004BEDC4 /* TodayNewDataModel.m */,
				CADDCE5B1F937AF800305D47 /* ZBProductDataModel.h */,
				CADDCE5C1F937AF800305D47 /* ZBProductDataModel.m */,
				CADDCE5E1F937B9900305D47 /* ZBProductListModel.h */,
				CADDCE5F1F937B9900305D47 /* ZBProductListModel.m */,
				CA727C7B1F9DD09600F89413 /* ZBProductDetailModel.h */,
				CA727C7C1F9DD09600F89413 /* ZBProductDetailModel.m */,
			);
			path = Model;
			sourceTree = "<group>";
		};
		CAD937081F8D16F0004BEDC4 /* View */ = {
			isa = PBXGroup;
			children = (
				CAD9370C1F8D1AF8004BEDC4 /* HotProductView.h */,
				CAD9370D1F8D1AF8004BEDC4 /* HotProductView.m */,
				CAD937111F8D1E29004BEDC4 /* HotProductView.xib */,
				CAD937191F8E3F3B004BEDC4 /* TodayNewCell.h */,
				CAD9371A1F8E3F3B004BEDC4 /* TodayNewCell.m */,
				CAD9371B1F8E3F3B004BEDC4 /* TodayNewCell.xib */,
				CADDCE511F9369F600305D47 /* ZBChildCell.h */,
				CADDCE521F9369F600305D47 /* ZBChildCell.m */,
				CADDCE531F9369F600305D47 /* ZBChildCell.xib */,
				CADDCE561F93764C00305D47 /* ZBProductCollectionCell.h */,
				CADDCE571F93764C00305D47 /* ZBProductCollectionCell.m */,
				CADDCE581F93764C00305D47 /* ZBProductCollectionCell.xib */,
				CACCC01D1F9746B7006AE5AF /* ZBDetailFirstCell.h */,
				CACCC01E1F9746B7006AE5AF /* ZBDetailFirstCell.m */,
				CACCC01F1F9746B7006AE5AF /* ZBDetailFirstCell.xib */,
				CA727C761F9DCB5D00F89413 /* ZBDetailSecondCell.h */,
				CA727C771F9DCB5D00F89413 /* ZBDetailSecondCell.m */,
				CA727C781F9DCB5D00F89413 /* ZBDetailSecondCell.xib */,
				CAAFE79B1FA1C9760055A75E /* ZBDetailThirdCell.h */,
				CAAFE79C1FA1C9760055A75E /* ZBDetailThirdCell.m */,
				CAAFE79D1FA1C9760055A75E /* ZBDetailThirdCell.xib */,
			);
			path = View;
			sourceTree = "<group>";
		};
/* End PBXGroup section */

/* Begin PBXNativeTarget section */
		CA97B6A61F7E9525008368F0 /* ECO */ = {
			isa = PBXNativeTarget;
			buildConfigurationList = CA97B6BD1F7E9526008368F0 /* Build configuration list for PBXNativeTarget "ECO" */;
			buildPhases = (
				62BD129CD10CA7DAAB4BCFC9 /* [CP] Check Pods Manifest.lock */,
				CA97B6A31F7E9525008368F0 /* Sources */,
				CA97B6A41F7E9525008368F0 /* Frameworks */,
				CA97B6A51F7E9525008368F0 /* Resources */,
				C6F278BF03836F90B869ACE6 /* [CP] Embed Pods Frameworks */,
				C872FC2D009D0E4DE8B8A6A4 /* [CP] Copy Pods Resources */,
			);
			buildRules = (
			);
			dependencies = (
			);
			name = ECO;
			productName = ECO;
			productReference = CA97B6A71F7E9525008368F0 /* ECO.app */;
			productType = "com.apple.product-type.application";
		};
/* End PBXNativeTarget section */

/* Begin PBXProject section */
		CA97B69F1F7E9525008368F0 /* Project object */ = {
			isa = PBXProject;
			attributes = {
				CLASSPREFIX = ZB;
				LastUpgradeCheck = 0900;
				ORGANIZATIONNAME = Never;
				TargetAttributes = {
					CA97B6A61F7E9525008368F0 = {
						CreatedOnToolsVersion = 9.0;
						ProvisioningStyle = Automatic;
					};
				};
			};
			buildConfigurationList = CA97B6A21F7E9525008368F0 /* Build configuration list for PBXProject "ECO" */;
			compatibilityVersion = "Xcode 8.0";
			developmentRegion = en;
			hasScannedForEncodings = 0;
			knownRegions = (
				en,
				Base,
			);
			mainGroup = CA97B69E1F7E9525008368F0;
			productRefGroup = CA97B6A81F7E9525008368F0 /* Products */;
			projectDirPath = "";
			projectRoot = "";
			targets = (
				CA97B6A61F7E9525008368F0 /* ECO */,
			);
		};
/* End PBXProject section */

/* Begin PBXResourcesBuildPhase section */
		CA97B6A51F7E9525008368F0 /* Resources */ = {
			isa = PBXResourcesBuildPhase;
			buildActionMask = 2147483647;
			files = (
				CADDCE551F9369F600305D47 /* ZBChildCell.xib in Resources */,
				CA6DB7851F8128CE00B66C4D /* CategoriesView.xib in Resources */,
				CAD3B2851F932ED400062317 /* RequesCover.xib in Resources */,
				CA6DB7331F809DC800B66C4D /* LaunchScreen.storyboard in Resources */,
				CAD936FA1F8B9A6A004BEDC4 /* otherData.json in Resources */,
				CAD936FD1F8B9BA1004BEDC4 /* iphoneData.json in Resources */,
				CACCC0051F96E38A006AE5AF /* WifiMan_Sign_3@2x.png in Resources */,
				CACCBFF51F96E38A006AE5AF /* FeSpinner-Info.plist in Resources */,
				CAD936F71F8B9A6A004BEDC4 /* ipadData.json in Resources */,
				CADDCE5A1F93764C00305D47 /* ZBProductCollectionCell.xib in Resources */,
				CA97B6B41F7E9526008368F0 /* Assets.xcassets in Resources */,
				CA6DB75E1F80D1E000B66C4D /* HomeCell.xib in Resources */,
				CAAFE79F1FA1C9760055A75E /* ZBDetailThirdCell.xib in Resources */,
				CAD937121F8D1E29004BEDC4 /* HotProductView.xib in Resources */,
				CACCC0121F96E38A006AE5AF /* wifimanhub@2x.png in Resources */,
				CAD9371D1F8E3F3B004BEDC4 /* TodayNewCell.xib in Resources */,
				CAD936F91F8B9A6A004BEDC4 /* cameraData.json in Resources */,
				CACCBFF71F96E38A006AE5AF /* CabinCondensed-Bold.ttf in Resources */,
				CAD936F81F8B9A6A004BEDC4 /* macbookData.json in Resources */,
				CACCC0161F96E38A006AE5AF /* WifiMan_Sign_2@2x.png in Resources */,
				CA6DB7801F80E6A900B66C4D /* HomeData.json in Resources */,
				CACCC0211F9746B7006AE5AF /* ZBDetailFirstCell.xib in Resources */,
				CA727C7A1F9DCB5D00F89413 /* ZBDetailSecondCell.xib in Resources */,
				CACCC0041F96E38A006AE5AF /* Neou-Thin.ttf in Resources */,
				CACCC0141F96E38A006AE5AF /* wifimanhub_grayscale@2x.png in Resources */,
				CA97B6B21F7E9526008368F0 /* Main.storyboard in Resources */,
				CA288D841FA2CA9100037D2D /* Image.xcassets in Resources */,
				CACCC00C1F96E38A006AE5AF /* FeWifiManHub.xib in Resources */,
				CACCC0111F96E38A006AE5AF /* WifiMan_Sign_4@2x.png in Resources */,
				CACCBFFC1F96E38A006AE5AF /* WifiMan_Sign_1@2x.png in Resources */,
			);
			runOnlyForDeploymentPostprocessing = 0;
		};
/* End PBXResourcesBuildPhase section */

/* Begin PBXShellScriptBuildPhase section */
		62BD129CD10CA7DAAB4BCFC9 /* [CP] Check Pods Manifest.lock */ = {
			isa = PBXShellScriptBuildPhase;
			buildActionMask = 2147483647;
			files = (
			);
			inputPaths = (
				"${PODS_PODFILE_DIR_PATH}/Podfile.lock",
				"${PODS_ROOT}/Manifest.lock",
			);
			name = "[CP] Check Pods Manifest.lock";
			outputPaths = (
				"$(DERIVED_FILE_DIR)/Pods-ECO-checkManifestLockResult.txt",
			);
			runOnlyForDeploymentPostprocessing = 0;
			shellPath = /bin/sh;
			shellScript = "diff \"${PODS_ROOT}/../Podfile.lock\" \"${PODS_ROOT}/Manifest.lock\" > /dev/null\nif [ $? != 0 ] ; then\n    # print error to STDERR\n    echo \"error: The sandbox is not in sync with the Podfile.lock. Run 'pod install' or update your CocoaPods installation.\" >&2\n    exit 1\nfi\n";
			showEnvVarsInLog = 0;
		};
		C6F278BF03836F90B869ACE6 /* [CP] Embed Pods Frameworks */ = {
			isa = PBXShellScriptBuildPhase;
			buildActionMask = 2147483647;
			files = (
			);
			inputPaths = (
			);
			name = "[CP] Embed Pods Frameworks";
			outputPaths = (
			);
			runOnlyForDeploymentPostprocessing = 0;
			shellPath = /bin/sh;
			shellScript = "\"${SRCROOT}/Pods/Target Support Files/Pods-ECO/Pods-ECO-frameworks.sh\"\n";
			showEnvVarsInLog = 0;
		};
		C872FC2D009D0E4DE8B8A6A4 /* [CP] Copy Pods Resources */ = {
			isa = PBXShellScriptBuildPhase;
			buildActionMask = 2147483647;
			files = (
			);
			inputPaths = (
				"${SRCROOT}/Pods/Target Support Files/Pods-ECO/Pods-ECO-resources.sh",
				"${PODS_ROOT}/MJRefresh/MJRefresh/MJRefresh.bundle",
			);
			name = "[CP] Copy Pods Resources";
			outputPaths = (
				"${TARGET_BUILD_DIR}/${UNLOCALIZED_RESOURCES_FOLDER_PATH}",
			);
			runOnlyForDeploymentPostprocessing = 0;
			shellPath = /bin/sh;
			shellScript = "\"${SRCROOT}/Pods/Target Support Files/Pods-ECO/Pods-ECO-resources.sh\"\n";
			showEnvVarsInLog = 0;
		};
/* End PBXShellScriptBuildPhase section */

/* Begin PBXSourcesBuildPhase section */
		CA97B6A31F7E9525008368F0 /* Sources */ = {
			isa = PBXSourcesBuildPhase;
			buildActionMask = 2147483647;
			files = (
				CAAFE79E1FA1C9760055A75E /* ZBDetailThirdCell.m in Sources */,
				CA9FAC511F94F9CA009B024C /* ZBIPadViewController.m in Sources */,
				CACCC0131F96E38A006AE5AF /* FeHandwritingViewController.m in Sources */,
				CAD3B2741F932A7800062317 /* UIView+Frame.m in Sources */,
				CADDCE541F9369F600305D47 /* ZBChildCell.m in Sources */,
				CACCC0021F96E38A006AE5AF /* FeLoadingIcon.m in Sources */,
				CAD9370B1F8D178D004BEDC4 /* FindBannerModel.m in Sources */,
				CACCC0031F96E38A006AE5AF /* FeWifiManViewController.m in Sources */,
				CACCBFFD1F96E38A006AE5AF /* FeHandwriting.m in Sources */,
				CA6DB7751F80D58F00B66C4D /* HomeDataModel.m in Sources */,
				CAD937041F8D1454004BEDC4 /* ZBHTTPRequestManager.m in Sources */,
				CA97B6BA1F7E9526008368F0 /* main.m in Sources */,
				CACCBFFF1F96E38A006AE5AF /* FeLoadingBoxViewController.m in Sources */,
				CACCC00D1F96E38A006AE5AF /* FeEqualize.m in Sources */,
				CA288D941FA2D7B900037D2D /* HeadLineView.m in Sources */,
				CAD937181F8E3DE0004BEDC4 /* TodayNewDataModel.m in Sources */,
				CA9FAC4E1F94F9B7009B024C /* ZBAndroidViewController.m in Sources */,
				CA9FAC541F94F9DA009B024C /* ZBMacBookViewController.m in Sources */,
				CACCC0151F96E38A006AE5AF /* FeAppDelegate.m in Sources */,
				CACCC0071F96E38A006AE5AF /* FeThreeDotGlowViewController.m in Sources */,
				CA288D8B1FA2D79700037D2D /* ViewControllerC.m in Sources */,
				CACCC00E1F96E38A006AE5AF /* FeSpinnerTenDotViewController.m in Sources */,
				CAD937151F8D209D004BEDC4 /* HotProductModel.m in Sources */,
				CACCC0061F96E38A006AE5AF /* FeHourGlassViewController.m in Sources */,
				CAD3B2731F932A7800062317 /* YZFlowLayout.m in Sources */,
				CA6DB7761F80D58F00B66C4D /* HomeCategoriesModel.m in Sources */,
				CACCC0101F96E38A006AE5AF /* UIColor+flat.m in Sources */,
				CAD3B2781F932B8000062317 /* ZBCommendVC.m in Sources */,
				CA6DB7741F80D58F00B66C4D /* HomeHotProductsModel.m in Sources */,
				CACCBFF61F96E38A006AE5AF /* FeVietNamLoaderViewController.m in Sources */,
				CACCC0001F96E38A006AE5AF /* FeEqualizerViewController.m in Sources */,
				CAD3B2841F932ED400062317 /* RequesCover.m in Sources */,
				CA6DB7431F80C5FF00B66C4D /* ViewControllerE.m in Sources */,
				CAD9370E1F8D1AF8004BEDC4 /* HotProductView.m in Sources */,
				CACCC0091F96E38A006AE5AF /* FeHourGlass.m in Sources */,
				CACCC0081F96E38A006AE5AF /* FeZeroLoaderViewController.m in Sources */,
				CACCBFF21F96E38A006AE5AF /* Feasd.m in Sources */,
				CAD937001F8CE969004BEDC4 /* BaseMethod.m in Sources */,
				CACCBFF41F96E38A006AE5AF /* FeRollingViewController.m in Sources */,
				CAD3B27B1F932BD600062317 /* ZBChildViewController.m in Sources */,
				CAD9371C1F8E3F3B004BEDC4 /* TodayNewCell.m in Sources */,
				CACCC0011F96E38A006AE5AF /* FeLoadingIconBox.m in Sources */,
				CACCBFFE1F96E38A006AE5AF /* FeSpinnerTenDot.m in Sources */,
				CACCC00A1F96E38A006AE5AF /* FeVietNamBar.m in Sources */,
				CACCC0171F96E38A006AE5AF /* FXBlurView.m in Sources */,
				CACCBFF91F96E38A006AE5AF /* FeTenDot.m in Sources */,
				CADDCE5D1F937AF800305D47 /* ZBProductDataModel.m in Sources */,
				CA97B6AC1F7E9526008368F0 /* AppDelegate.m in Sources */,
				CACCBFF31F96E38A006AE5AF /* FeWifiManHub.m in Sources */,
				CA9FAC571F94F9EA009B024C /* ZBWatchViewController.m in Sources */,
				CA6DB7401F80C5FF00B66C4D /* ViewControllerB.m in Sources */,
				CADDCE591F93764C00305D47 /* ZBProductCollectionCell.m in Sources */,
				CAD3B2721F932A7800062317 /* YZDisplayTitleLabel.m in Sources */,
				CACCC01A1F971EA7006AE5AF /* Tools.m in Sources */,
				CACCC00B1F96E38A006AE5AF /* FeZeroLoader.m in Sources */,
				CA288D951FA2D7B900037D2D /* HeadImageView.m in Sources */,
				CACCBF321F964C1C006AE5AF /* ZBDetailViewController.m in Sources */,
				CA6DB7771F80D58F00B66C4D /* HomeBannersModel.m in Sources */,
				CADDCE601F937B9900305D47 /* ZBProductListModel.m in Sources */,
				CAD3B2751F932A7800062317 /* YZDisplayViewController.m in Sources */,
				CAD936E51F8A5198004BEDC4 /* CBSegmentView.m in Sources */,
				CACCBFFA1F96E38A006AE5AF /* FeVietNamLoader.m in Sources */,
				CA6DB7411F80C5FF00B66C4D /* ViewControllerD.m in Sources */,
				CACCBFF81F96E38A006AE5AF /* FeThreeDotGlow.m in Sources */,
				CA6DB7831F81285600B66C4D /* CategoriesView.m in Sources */,
				CA727C791F9DCB5D00F89413 /* ZBDetailSecondCell.m in Sources */,
				CA6DB75F1F80D1E000B66C4D /* HomeCell.m in Sources */,
				CA6DB7441F80C5FF00B66C4D /* ViewControllerA.m in Sources */,
				CA727C7D1F9DD09600F89413 /* ZBProductDetailModel.m in Sources */,
				CACCBFFB1F96E38A006AE5AF /* FeRollingLoader.m in Sources */,
				CACCC00F1F96E38A006AE5AF /* FeViewController.m in Sources */,
				CA288D931FA2D7B900037D2D /* NavHeadTitleView.m in Sources */,
				CACCC0201F9746B7006AE5AF /* ZBDetailFirstCell.m in Sources */,
			);
			runOnlyForDeploymentPostprocessing = 0;
		};
/* End PBXSourcesBuildPhase section */

/* Begin PBXVariantGroup section */
		CA97B6B01F7E9526008368F0 /* Main.storyboard */ = {
			isa = PBXVariantGroup;
			children = (
				CA97B6B11F7E9526008368F0 /* Base */,
			);
			name = Main.storyboard;
			sourceTree = "<group>";
		};
/* End PBXVariantGroup section */

/* Begin XCBuildConfiguration section */
		CA97B6BB1F7E9526008368F0 /* Debug */ = {
			isa = XCBuildConfiguration;
			buildSettings = {
				ALWAYS_SEARCH_USER_PATHS = NO;
				CLANG_ANALYZER_NONNULL = YES;
				CLANG_ANALYZER_NUMBER_OBJECT_CONVERSION = YES_AGGRESSIVE;
				CLANG_CXX_LANGUAGE_STANDARD = "gnu++14";
				CLANG_CXX_LIBRARY = "libc++";
				CLANG_ENABLE_MODULES = YES;
				CLANG_ENABLE_OBJC_ARC = YES;
				CLANG_WARN_BLOCK_CAPTURE_AUTORELEASING = YES;
				CLANG_WARN_BOOL_CONVERSION = YES;
				CLANG_WARN_COMMA = YES;
				CLANG_WARN_CONSTANT_CONVERSION = YES;
				CLANG_WARN_DIRECT_OBJC_ISA_USAGE = YES_ERROR;
				CLANG_WARN_DOCUMENTATION_COMMENTS = YES;
				CLANG_WARN_EMPTY_BODY = YES;
				CLANG_WARN_ENUM_CONVERSION = YES;
				CLANG_WARN_INFINITE_RECURSION = YES;
				CLANG_WARN_INT_CONVERSION = YES;
				CLANG_WARN_NON_LITERAL_NULL_CONVERSION = YES;
				CLANG_WARN_OBJC_LITERAL_CONVERSION = YES;
				CLANG_WARN_OBJC_ROOT_CLASS = YES_ERROR;
				CLANG_WARN_RANGE_LOOP_ANALYSIS = YES;
				CLANG_WARN_STRICT_PROTOTYPES = YES;
				CLANG_WARN_SUSPICIOUS_MOVE = YES;
				CLANG_WARN_UNGUARDED_AVAILABILITY = YES_AGGRESSIVE;
				CLANG_WARN_UNREACHABLE_CODE = YES;
				CLANG_WARN__DUPLICATE_METHOD_MATCH = YES;
				CODE_SIGN_IDENTITY = "iPhone Developer";
				COPY_PHASE_STRIP = NO;
				DEBUG_INFORMATION_FORMAT = dwarf;
				ENABLE_STRICT_OBJC_MSGSEND = YES;
				ENABLE_TESTABILITY = YES;
				GCC_C_LANGUAGE_STANDARD = gnu11;
				GCC_DYNAMIC_NO_PIC = NO;
				GCC_NO_COMMON_BLOCKS = YES;
				GCC_OPTIMIZATION_LEVEL = 0;
				GCC_PREPROCESSOR_DEFINITIONS = (
					"DEBUG=1",
					"$(inherited)",
				);
				GCC_WARN_64_TO_32_BIT_CONVERSION = YES;
				GCC_WARN_ABOUT_RETURN_TYPE = YES_ERROR;
				GCC_WARN_UNDECLARED_SELECTOR = YES;
				GCC_WARN_UNINITIALIZED_AUTOS = YES_AGGRESSIVE;
				GCC_WARN_UNUSED_FUNCTION = YES;
				GCC_WARN_UNUSED_VARIABLE = YES;
				IPHONEOS_DEPLOYMENT_TARGET = 11.0;
				MTL_ENABLE_DEBUG_INFO = YES;
				ONLY_ACTIVE_ARCH = YES;
				SDKROOT = iphoneos;
			};
			name = Debug;
		};
		CA97B6BC1F7E9526008368F0 /* Release */ = {
			isa = XCBuildConfiguration;
			buildSettings = {
				ALWAYS_SEARCH_USER_PATHS = NO;
				CLANG_ANALYZER_NONNULL = YES;
				CLANG_ANALYZER_NUMBER_OBJECT_CONVERSION = YES_AGGRESSIVE;
				CLANG_CXX_LANGUAGE_STANDARD = "gnu++14";
				CLANG_CXX_LIBRARY = "libc++";
				CLANG_ENABLE_MODULES = YES;
				CLANG_ENABLE_OBJC_ARC = YES;
				CLANG_WARN_BLOCK_CAPTURE_AUTORELEASING = YES;
				CLANG_WARN_BOOL_CONVERSION = YES;
				CLANG_WARN_COMMA = YES;
				CLANG_WARN_CONSTANT_CONVERSION = YES;
				CLANG_WARN_DIRECT_OBJC_ISA_USAGE = YES_ERROR;
				CLANG_WARN_DOCUMENTATION_COMMENTS = YES;
				CLANG_WARN_EMPTY_BODY = YES;
				CLANG_WARN_ENUM_CONVERSION = YES;
				CLANG_WARN_INFINITE_RECURSION = YES;
				CLANG_WARN_INT_CONVERSION = YES;
				CLANG_WARN_NON_LITERAL_NULL_CONVERSION = YES;
				CLANG_WARN_OBJC_LITERAL_CONVERSION = YES;
				CLANG_WARN_OBJC_ROOT_CLASS = YES_ERROR;
				CLANG_WARN_RANGE_LOOP_ANALYSIS = YES;
				CLANG_WARN_STRICT_PROTOTYPES = YES;
				CLANG_WARN_SUSPICIOUS_MOVE = YES;
				CLANG_WARN_UNGUARDED_AVAILABILITY = YES_AGGRESSIVE;
				CLANG_WARN_UNREACHABLE_CODE = YES;
				CLANG_WARN__DUPLICATE_METHOD_MATCH = YES;
				CODE_SIGN_IDENTITY = "iPhone Developer";
				COPY_PHASE_STRIP = NO;
				DEBUG_INFORMATION_FORMAT = "dwarf-with-dsym";
				ENABLE_NS_ASSERTIONS = NO;
				ENABLE_STRICT_OBJC_MSGSEND = YES;
				GCC_C_LANGUAGE_STANDARD = gnu11;
				GCC_NO_COMMON_BLOCKS = YES;
				GCC_WARN_64_TO_32_BIT_CONVERSION = YES;
				GCC_WARN_ABOUT_RETURN_TYPE = YES_ERROR;
				GCC_WARN_UNDECLARED_SELECTOR = YES;
				GCC_WARN_UNINITIALIZED_AUTOS = YES_AGGRESSIVE;
				GCC_WARN_UNUSED_FUNCTION = YES;
				GCC_WARN_UNUSED_VARIABLE = YES;
				IPHONEOS_DEPLOYMENT_TARGET = 11.0;
				MTL_ENABLE_DEBUG_INFO = NO;
				SDKROOT = iphoneos;
				VALIDATE_PRODUCT = YES;
			};
			name = Release;
		};
		CA97B6BE1F7E9526008368F0 /* Debug */ = {
			isa = XCBuildConfiguration;
			baseConfigurationReference = F03B5045F91DC07E4754DBCC /* Pods-ECO.debug.xcconfig */;
			buildSettings = {
				ALWAYS_SEARCH_USER_PATHS = YES;
				ASSETCATALOG_COMPILER_APPICON_NAME = AppIcon;
				CODE_SIGN_STYLE = Automatic;
				DEVELOPMENT_TEAM = 7H5TD8QGJP;
				GCC_PREFIX_HEADER = "$(SRCROOT)/ECO/Global/PrefixHeader.pch";
				HEADER_SEARCH_PATHS = (
					"$(inherited)",
					"\"${PODS_ROOT}/Headers/Public\"",
					"\"${PODS_ROOT}/Headers/Public/AFNetworking\"",
					"\"${PODS_ROOT}/Headers/Public/MJExtension\"",
					"\"${PODS_ROOT}/Headers/Public/MJRefresh\"",
					"\"${PODS_ROOT}/Headers/Public/Masonry\"",
				);
				INFOPLIST_FILE = "$(SRCROOT)/ECO/Other/Info.plist";
				IPHONEOS_DEPLOYMENT_TARGET = 8.0;
				LD_RUNPATH_SEARCH_PATHS = "$(inherited) @executable_path/Frameworks";
				PRODUCT_BUNDLE_IDENTIFIER = com.never.ECO;
				PRODUCT_NAME = "$(TARGET_NAME)";
				SYSTEM_FRAMEWORK_SEARCH_PATHS = "";
				SYSTEM_HEADER_SEARCH_PATHS = "";
				TARGETED_DEVICE_FAMILY = 1;
			};
			name = Debug;
		};
		CA97B6BF1F7E9526008368F0 /* Release */ = {
			isa = XCBuildConfiguration;
			baseConfigurationReference = 93F2ECCA515DA203302C7750 /* Pods-ECO.release.xcconfig */;
			buildSettings = {
				ALWAYS_SEARCH_USER_PATHS = YES;
				ASSETCATALOG_COMPILER_APPICON_NAME = AppIcon;
				CODE_SIGN_STYLE = Automatic;
				DEVELOPMENT_TEAM = 7H5TD8QGJP;
				GCC_PREFIX_HEADER = "$(SRCROOT)/ECO/Global/PrefixHeader.pch";
				HEADER_SEARCH_PATHS = (
					"$(inherited)",
					"\"${PODS_ROOT}/Headers/Public\"",
					"\"${PODS_ROOT}/Headers/Public/AFNetworking\"",
					"\"${PODS_ROOT}/Headers/Public/MJExtension\"",
					"\"${PODS_ROOT}/Headers/Public/MJRefresh\"",
					"\"${PODS_ROOT}/Headers/Public/Masonry\"",
				);
				INFOPLIST_FILE = "$(SRCROOT)/ECO/Other/Info.plist";
				IPHONEOS_DEPLOYMENT_TARGET = 8.0;
				LD_RUNPATH_SEARCH_PATHS = "$(inherited) @executable_path/Frameworks";
				PRODUCT_BUNDLE_IDENTIFIER = com.never.ECO;
				PRODUCT_NAME = "$(TARGET_NAME)";
				SYSTEM_FRAMEWORK_SEARCH_PATHS = "";
				SYSTEM_HEADER_SEARCH_PATHS = "";
				TARGETED_DEVICE_FAMILY = 1;
			};
			name = Release;
		};
/* End XCBuildConfiguration section */

/* Begin XCConfigurationList section */
		CA97B6A21F7E9525008368F0 /* Build configuration list for PBXProject "ECO" */ = {
			isa = XCConfigurationList;
			buildConfigurations = (
				CA97B6BB1F7E9526008368F0 /* Debug */,
				CA97B6BC1F7E9526008368F0 /* Release */,
			);
			defaultConfigurationIsVisible = 0;
			defaultConfigurationName = Release;
		};
		CA97B6BD1F7E9526008368F0 /* Build configuration list for PBXNativeTarget "ECO" */ = {
			isa = XCConfigurationList;
			buildConfigurations = (
				CA97B6BE1F7E9526008368F0 /* Debug */,
				CA97B6BF1F7E9526008368F0 /* Release */,
			);
			defaultConfigurationIsVisible = 0;
			defaultConfigurationName = Release;
		};
/* End XCConfigurationList section */
	};
	rootObject = CA97B69F1F7E9525008368F0 /* Project object */;
}
